PODS:
  - AFNetworking (3.2.1):
    - AFNetworking/NSURLSession (= 3.2.1)
    - AFNetworking/Reachability (= 3.2.1)
    - AFNetworking/Security (= 3.2.1)
    - AFNetworking/Serialization (= 3.2.1)
    - AFNetworking/UIKit (= 3.2.1)
  - AFNetworking/NSURLSession (3.2.1):
    - AFNetworking/Reachability
    - AFNetworking/Security
    - AFNetworking/Serialization
  - AFNetworking/Reachability (3.2.1)
  - AFNetworking/Security (3.2.1)
  - AFNetworking/Serialization (3.2.1)
  - AFNetworking/UIKit (3.2.1):
    - AFNetworking/NSURLSession
  - FBRetainCycleDetector (0.1.4)
  - FMDB (2.7.2):
    - FMDB/standard (= 2.7.2)
  - FMDB/standard (2.7.2)
  - MLeaksFinder (1.0.0):
    - FBRetainCycleDetector
  - ReactiveObjC (3.1.0)
  - SAMKeychain (1.5.3)
  - YYCache (1.0.4)

DEPENDENCIES:
  - AFNetworking (~> 3.0)
  - FMDB
  - MLeaksFinder
  - ReactiveObjC
  - SAMKeychain
  - YYCache

SPEC REPOS:
  https://github.com/cocoapods/specs.git:
    - AFNetworking
    - FBRetainCycleDetector
    - FMDB
    - MLeaksFinder
    - ReactiveObjC
    - SAMKeychain
    - YYCache

SPEC CHECKSUMS:
  AFNetworking: b6f891fdfaed196b46c7a83cf209e09697b94057
  FBRetainCycleDetector: 46f8179bbb1c587deee3ea838a1a3ee02acf5015
  FMDB: 6198a90e7b6900cfc046e6bc0ef6ebb7be9236aa
  MLeaksFinder: 8c435bd2f6d070af18cff082b503b21adc130fc0
  ReactiveObjC: 2a38ea15335de4119d8b17caf1db1484f61db902
  SAMKeychain: 483e1c9f32984d50ca961e26818a534283b4cd5c
  YYCache: 8105b6638f5e849296c71f331ff83891a4942952

PODFILE CHECKSUM: 6c7815b44fcbc51167e89d505eb4f5224ee58072

COCOAPODS: 1.5.3
