// !$*UTF8*$!
{
	archiveVersion = 1;
	classes = {
	};
	objectVersion = 50;
	objects = {

/* Begin PBXBuildFile section */
		010D90F42117EB770026B185 /* NSObject+HGMGuard.m in Sources */ = {isa = PBXBuildFile; fileRef = 010D90F32117EB770026B185 /* NSObject+HGMGuard.m */; };
		010D90F72117F0470026B185 /* HGMDeallocBlockViewController.m in Sources */ = {isa = PBXBuildFile; fileRef = 010D90F62117F0470026B185 /* HGMDeallocBlockViewController.m */; };
		0124AE7A211F44C200287C31 /* NSString+HGMMethodSwape.m in Sources */ = {isa = PBXBuildFile; fileRef = 0124AE79211F44C200287C31 /* NSString+HGMMethodSwape.m */; };
		014380E921208E5200ED0EB1 /* HGMFoo.m in Sources */ = {isa = PBXBuildFile; fileRef = 014380E821208E5200ED0EB1 /* HGMFoo.m */; };
		014380ED2121C96600ED0EB1 /* HGMFMDBManager.m in Sources */ = {isa = PBXBuildFile; fileRef = 014380EC2121C96500ED0EB1 /* HGMFMDBManager.m */; };
		014380F02121C9B500ED0EB1 /* HGMFMDBViewController.m in Sources */ = {isa = PBXBuildFile; fileRef = 014380EF2121C9B500ED0EB1 /* HGMFMDBViewController.m */; };
		01561B38211B321C00260C00 /* HGMCAEPerson.m in Sources */ = {isa = PBXBuildFile; fileRef = 01561B37211B321C00260C00 /* HGMCAEPerson.m */; };
		01561B3B211B324A00260C00 /* HGMCAEEmployer.m in Sources */ = {isa = PBXBuildFile; fileRef = 01561B3A211B324A00260C00 /* HGMCAEEmployer.m */; };
		01561B3E211B3E4F00260C00 /* HGMConstValueView.m in Sources */ = {isa = PBXBuildFile; fileRef = 01561B3D211B3E4F00260C00 /* HGMConstValueView.m */; };
		01561B44211B45C900260C00 /* HGMCopyingPerson.m in Sources */ = {isa = PBXBuildFile; fileRef = 01561B42211B45C800260C00 /* HGMCopyingPerson.m */; };
		01561B48211B45FB00260C00 /* HGMNSEnume.m in Sources */ = {isa = PBXBuildFile; fileRef = 01561B47211B45FB00260C00 /* HGMNSEnume.m */; };
		01561B4B211BDEE800260C00 /* HGMForwardingTarget.m in Sources */ = {isa = PBXBuildFile; fileRef = 01561B4A211BDEE800260C00 /* HGMForwardingTarget.m */; };
		01561B4E211C103C00260C00 /* HGMThirdViewController.m in Sources */ = {isa = PBXBuildFile; fileRef = 01561B4D211C103C00260C00 /* HGMThirdViewController.m */; };
		0171E5D7210FFFA40033688F /* HGMCoreImageViewController.m in Sources */ = {isa = PBXBuildFile; fileRef = 0171E5D6210FFFA40033688F /* HGMCoreImageViewController.m */; };
		0171E5DA211001580033688F /* timg.jpeg in Resources */ = {isa = PBXBuildFile; fileRef = 0171E5D9211001580033688F /* timg.jpeg */; };
		0171E5DC21100FF00033688F /* GodfreyKneller-IsaacNewton-1689.jpg in Resources */ = {isa = PBXBuildFile; fileRef = 0171E5DB21100FF00033688F /* GodfreyKneller-IsaacNewton-1689.jpg */; };
		0171E5E0211140CD0033688F /* HGMBridgeViewController.m in Sources */ = {isa = PBXBuildFile; fileRef = 0171E5DF211140CD0033688F /* HGMBridgeViewController.m */; };
		0171E5E62112B4B80033688F /* HGMEmployer.m in Sources */ = {isa = PBXBuildFile; fileRef = 0171E5E22112B4B80033688F /* HGMEmployer.m */; };
		0171E5E72112B4B80033688F /* HGMPartimeViewController.m in Sources */ = {isa = PBXBuildFile; fileRef = 0171E5E52112B4B80033688F /* HGMPartimeViewController.m */; };
		0171E5F02112B5020033688F /* NSObject+AssociatedObjects.m in Sources */ = {isa = PBXBuildFile; fileRef = 0171E5EA2112B5020033688F /* NSObject+AssociatedObjects.m */; };
		0171E5F12112B5020033688F /* AssociatedObjectViewController.m in Sources */ = {isa = PBXBuildFile; fileRef = 0171E5EB2112B5020033688F /* AssociatedObjectViewController.m */; };
		0171E5F22112B5020033688F /* ConstValueViewController.m in Sources */ = {isa = PBXBuildFile; fileRef = 0171E5EF2112B5020033688F /* ConstValueViewController.m */; };
		0171E5F62112B5310033688F /* HGMValue.m in Sources */ = {isa = PBXBuildFile; fileRef = 0171E5F52112B5310033688F /* HGMValue.m */; };
		017BDFFC20FE3FC80064403D /* TestRecycleReferanceObjectA.m in Sources */ = {isa = PBXBuildFile; fileRef = 017BDFFB20FE3FC80064403D /* TestRecycleReferanceObjectA.m */; };
		017BDFFF20FE3FD40064403D /* TestRecycleReferanceObjectB.m in Sources */ = {isa = PBXBuildFile; fileRef = 017BDFFE20FE3FD40064403D /* TestRecycleReferanceObjectB.m */; };
		018BE89320F6E98000002064 /* Product.m in Sources */ = {isa = PBXBuildFile; fileRef = 018BE89220F6E98000002064 /* Product.m */; };
		018BE8A020F7495600002064 /* Book.m in Sources */ = {isa = PBXBuildFile; fileRef = 018BE89F20F7495600002064 /* Book.m */; };
		01A382F620EDE84900E79F52 /* HttpTools.m in Sources */ = {isa = PBXBuildFile; fileRef = 01A382F520EDE84900E79F52 /* HttpTools.m */; };
		01A382FA20EDF1C500E79F52 /* Greeting.m in Sources */ = {isa = PBXBuildFile; fileRef = 01A382F920EDF1C500E79F52 /* Greeting.m */; };
		01A382FD20F4508100E79F52 /* OneViewController.m in Sources */ = {isa = PBXBuildFile; fileRef = 01A382FC20F4508100E79F52 /* OneViewController.m */; };
		01A3830120F4537100E79F52 /* UIViewController+Hack.m in Sources */ = {isa = PBXBuildFile; fileRef = 01A3830020F4537000E79F52 /* UIViewController+Hack.m */; };
		01A3830420F45A4300E79F52 /* TwoViewController.m in Sources */ = {isa = PBXBuildFile; fileRef = 01A3830320F45A4300E79F52 /* TwoViewController.m */; };
		01BEAD1D2121D28600585903 /* HGMFMDBViewController.xib in Resources */ = {isa = PBXBuildFile; fileRef = 01BEAD1C2121D28600585903 /* HGMFMDBViewController.xib */; };
		01C5846B2108DD04000174E1 /* HGMAutoDictionary.m in Sources */ = {isa = PBXBuildFile; fileRef = 01C5846A2108DD04000174E1 /* HGMAutoDictionary.m */; };
		01CCC1F4211D7DC400571AA3 /* HGMDES3Tool.m in Sources */ = {isa = PBXBuildFile; fileRef = 01CCC1F3211D7DC400571AA3 /* HGMDES3Tool.m */; };
		01CD2A2020E487E2004C8FDF /* AppDelegate.m in Sources */ = {isa = PBXBuildFile; fileRef = 01CD2A1F20E487E2004C8FDF /* AppDelegate.m */; };
		01CD2A2320E487E2004C8FDF /* ViewController.m in Sources */ = {isa = PBXBuildFile; fileRef = 01CD2A2220E487E2004C8FDF /* ViewController.m */; };
		01CD2A2620E487E2004C8FDF /* Main.storyboard in Resources */ = {isa = PBXBuildFile; fileRef = 01CD2A2420E487E2004C8FDF /* Main.storyboard */; };
		01CD2A2820E487E4004C8FDF /* Assets.xcassets in Resources */ = {isa = PBXBuildFile; fileRef = 01CD2A2720E487E4004C8FDF /* Assets.xcassets */; };
		01CD2A2B20E487E4004C8FDF /* LaunchScreen.storyboard in Resources */ = {isa = PBXBuildFile; fileRef = 01CD2A2920E487E4004C8FDF /* LaunchScreen.storyboard */; };
		01CD2A2E20E487E4004C8FDF /* main.m in Sources */ = {isa = PBXBuildFile; fileRef = 01CD2A2D20E487E4004C8FDF /* main.m */; };
		01F5D8BD2109784800F2E46C /* HGMRunloopViewController.m in Sources */ = {isa = PBXBuildFile; fileRef = 01F5D8BC2109784800F2E46C /* HGMRunloopViewController.m */; };
		01FF294C2110ACF80045F73C /* HGMPerson.m in Sources */ = {isa = PBXBuildFile; fileRef = 01FF294B2110ACF80045F73C /* HGMPerson.m */; };
		01FF294F2110AD340045F73C /* HGMPerson+load.m in Sources */ = {isa = PBXBuildFile; fileRef = 01FF294E2110AD340045F73C /* HGMPerson+load.m */; };
		01FF29522110AE100045F73C /* HGMStudent.m in Sources */ = {isa = PBXBuildFile; fileRef = 01FF29512110AE100045F73C /* HGMStudent.m */; };
		01FF29662112162E0045F73C /* HGMNick.m in Sources */ = {isa = PBXBuildFile; fileRef = 01FF29652112162E0045F73C /* HGMNick.m */; };
		01FF29692112167C0045F73C /* HGMNick+HGMWork.m in Sources */ = {isa = PBXBuildFile; fileRef = 01FF29682112167C0045F73C /* HGMNick+HGMWork.m */; };
		01FF296C211216EB0045F73C /* HGMNick+HGMPlay.m in Sources */ = {isa = PBXBuildFile; fileRef = 01FF296B211216EB0045F73C /* HGMNick+HGMPlay.m */; };
		01FF296F211217630045F73C /* HGMNick+HGMLearn.m in Sources */ = {isa = PBXBuildFile; fileRef = 01FF296E211217630045F73C /* HGMNick+HGMLearn.m */; };
		01FF297321134CC40045F73C /* HGMKVOObject.m in Sources */ = {isa = PBXBuildFile; fileRef = 01FF297221134CC40045F73C /* HGMKVOObject.m */; };
		01FF297621134CE90045F73C /* HGMKVOemplementViewController.m in Sources */ = {isa = PBXBuildFile; fileRef = 01FF297521134CE90045F73C /* HGMKVOemplementViewController.m */; };
		01FF297B211736F60045F73C /* HGMRetangle.m in Sources */ = {isa = PBXBuildFile; fileRef = 01FF297A211736F60045F73C /* HGMRetangle.m */; };
		01FF297E2117397C0045F73C /* HGMSquier.m in Sources */ = {isa = PBXBuildFile; fileRef = 01FF297D2117397C0045F73C /* HGMSquier.m */; };
		88C0485292B15D7938ADAD0C /* libPods-MyLearnCode.a in Frameworks */ = {isa = PBXBuildFile; fileRef = 00264D19BBF8231C0B4D1147 /* libPods-MyLearnCode.a */; };
/* End PBXBuildFile section */

/* Begin PBXFileReference section */
		00264D19BBF8231C0B4D1147 /* libPods-MyLearnCode.a */ = {isa = PBXFileReference; explicitFileType = archive.ar; includeInIndex = 0; path = "libPods-MyLearnCode.a"; sourceTree = BUILT_PRODUCTS_DIR; };
		010D90F22117EB770026B185 /* NSObject+HGMGuard.h */ = {isa = PBXFileReference; lastKnownFileType = sourcecode.c.h; path = "NSObject+HGMGuard.h"; sourceTree = "<group>"; };
		010D90F32117EB770026B185 /* NSObject+HGMGuard.m */ = {isa = PBXFileReference; lastKnownFileType = sourcecode.c.objc; path = "NSObject+HGMGuard.m"; sourceTree = "<group>"; };
		010D90F52117F0470026B185 /* HGMDeallocBlockViewController.h */ = {isa = PBXFileReference; lastKnownFileType = sourcecode.c.h; path = HGMDeallocBlockViewController.h; sourceTree = "<group>"; };
		010D90F62117F0470026B185 /* HGMDeallocBlockViewController.m */ = {isa = PBXFileReference; lastKnownFileType = sourcecode.c.objc; path = HGMDeallocBlockViewController.m; sourceTree = "<group>"; };
		0124AE78211F44C200287C31 /* NSString+HGMMethodSwape.h */ = {isa = PBXFileReference; lastKnownFileType = sourcecode.c.h; path = "NSString+HGMMethodSwape.h"; sourceTree = "<group>"; };
		0124AE79211F44C200287C31 /* NSString+HGMMethodSwape.m */ = {isa = PBXFileReference; lastKnownFileType = sourcecode.c.objc; path = "NSString+HGMMethodSwape.m"; sourceTree = "<group>"; };
		014380E721208E5200ED0EB1 /* HGMFoo.h */ = {isa = PBXFileReference; lastKnownFileType = sourcecode.c.h; path = HGMFoo.h; sourceTree = "<group>"; };
		014380E821208E5200ED0EB1 /* HGMFoo.m */ = {isa = PBXFileReference; lastKnownFileType = sourcecode.c.objc; path = HGMFoo.m; sourceTree = "<group>"; };
		014380EB2121C96500ED0EB1 /* HGMFMDBManager.h */ = {isa = PBXFileReference; lastKnownFileType = sourcecode.c.h; path = HGMFMDBManager.h; sourceTree = "<group>"; };
		014380EC2121C96500ED0EB1 /* HGMFMDBManager.m */ = {isa = PBXFileReference; lastKnownFileType = sourcecode.c.objc; path = HGMFMDBManager.m; sourceTree = "<group>"; };
		014380EE2121C9B500ED0EB1 /* HGMFMDBViewController.h */ = {isa = PBXFileReference; lastKnownFileType = sourcecode.c.h; path = HGMFMDBViewController.h; sourceTree = "<group>"; };
		014380EF2121C9B500ED0EB1 /* HGMFMDBViewController.m */ = {isa = PBXFileReference; lastKnownFileType = sourcecode.c.objc; path = HGMFMDBViewController.m; sourceTree = "<group>"; };
		01561B36211B321C00260C00 /* HGMCAEPerson.h */ = {isa = PBXFileReference; lastKnownFileType = sourcecode.c.h; path = HGMCAEPerson.h; sourceTree = "<group>"; };
		01561B37211B321C00260C00 /* HGMCAEPerson.m */ = {isa = PBXFileReference; lastKnownFileType = sourcecode.c.objc; path = HGMCAEPerson.m; sourceTree = "<group>"; };
		01561B39211B324A00260C00 /* HGMCAEEmployer.h */ = {isa = PBXFileReference; lastKnownFileType = sourcecode.c.h; path = HGMCAEEmployer.h; sourceTree = "<group>"; };
		01561B3A211B324A00260C00 /* HGMCAEEmployer.m */ = {isa = PBXFileReference; lastKnownFileType = sourcecode.c.objc; path = HGMCAEEmployer.m; sourceTree = "<group>"; };
		01561B3C211B3E4F00260C00 /* HGMConstValueView.h */ = {isa = PBXFileReference; lastKnownFileType = sourcecode.c.h; path = HGMConstValueView.h; sourceTree = "<group>"; };
		01561B3D211B3E4F00260C00 /* HGMConstValueView.m */ = {isa = PBXFileReference; lastKnownFileType = sourcecode.c.objc; path = HGMConstValueView.m; sourceTree = "<group>"; };
		01561B42211B45C800260C00 /* HGMCopyingPerson.m */ = {isa = PBXFileReference; fileEncoding = 4; lastKnownFileType = sourcecode.c.objc; path = HGMCopyingPerson.m; sourceTree = "<group>"; };
		01561B43211B45C800260C00 /* HGMCopyingPerson.h */ = {isa = PBXFileReference; fileEncoding = 4; lastKnownFileType = sourcecode.c.h; path = HGMCopyingPerson.h; sourceTree = "<group>"; };
		01561B46211B45FB00260C00 /* HGMNSEnume.h */ = {isa = PBXFileReference; lastKnownFileType = sourcecode.c.h; path = HGMNSEnume.h; sourceTree = "<group>"; };
		01561B47211B45FB00260C00 /* HGMNSEnume.m */ = {isa = PBXFileReference; lastKnownFileType = sourcecode.c.objc; path = HGMNSEnume.m; sourceTree = "<group>"; };
		01561B49211BDEE800260C00 /* HGMForwardingTarget.h */ = {isa = PBXFileReference; lastKnownFileType = sourcecode.c.h; path = HGMForwardingTarget.h; sourceTree = "<group>"; };
		01561B4A211BDEE800260C00 /* HGMForwardingTarget.m */ = {isa = PBXFileReference; lastKnownFileType = sourcecode.c.objc; path = HGMForwardingTarget.m; sourceTree = "<group>"; };
		01561B4C211C103C00260C00 /* HGMThirdViewController.h */ = {isa = PBXFileReference; lastKnownFileType = sourcecode.c.h; path = HGMThirdViewController.h; sourceTree = "<group>"; };
		01561B4D211C103C00260C00 /* HGMThirdViewController.m */ = {isa = PBXFileReference; lastKnownFileType = sourcecode.c.objc; path = HGMThirdViewController.m; sourceTree = "<group>"; };
		0171E5D5210FFFA40033688F /* HGMCoreImageViewController.h */ = {isa = PBXFileReference; lastKnownFileType = sourcecode.c.h; path = HGMCoreImageViewController.h; sourceTree = "<group>"; };
		0171E5D6210FFFA40033688F /* HGMCoreImageViewController.m */ = {isa = PBXFileReference; lastKnownFileType = sourcecode.c.objc; path = HGMCoreImageViewController.m; sourceTree = "<group>"; };
		0171E5D9211001580033688F /* timg.jpeg */ = {isa = PBXFileReference; lastKnownFileType = image.jpeg; path = timg.jpeg; sourceTree = "<group>"; };
		0171E5DB21100FF00033688F /* GodfreyKneller-IsaacNewton-1689.jpg */ = {isa = PBXFileReference; lastKnownFileType = image.jpeg; path = "GodfreyKneller-IsaacNewton-1689.jpg"; sourceTree = "<group>"; };
		0171E5DE211140CD0033688F /* HGMBridgeViewController.h */ = {isa = PBXFileReference; lastKnownFileType = sourcecode.c.h; path = HGMBridgeViewController.h; sourceTree = "<group>"; };
		0171E5DF211140CD0033688F /* HGMBridgeViewController.m */ = {isa = PBXFileReference; lastKnownFileType = sourcecode.c.objc; path = HGMBridgeViewController.m; sourceTree = "<group>"; };
		0171E5E22112B4B80033688F /* HGMEmployer.m */ = {isa = PBXFileReference; fileEncoding = 4; lastKnownFileType = sourcecode.c.objc; path = HGMEmployer.m; sourceTree = "<group>"; };
		0171E5E32112B4B80033688F /* HGMPartimeViewController.h */ = {isa = PBXFileReference; fileEncoding = 4; lastKnownFileType = sourcecode.c.h; path = HGMPartimeViewController.h; sourceTree = "<group>"; };
		0171E5E42112B4B80033688F /* HGMEmployer.h */ = {isa = PBXFileReference; fileEncoding = 4; lastKnownFileType = sourcecode.c.h; path = HGMEmployer.h; sourceTree = "<group>"; };
		0171E5E52112B4B80033688F /* HGMPartimeViewController.m */ = {isa = PBXFileReference; fileEncoding = 4; lastKnownFileType = sourcecode.c.objc; path = HGMPartimeViewController.m; sourceTree = "<group>"; };
		0171E5E92112B5020033688F /* AssociatedObjectViewController.h */ = {isa = PBXFileReference; fileEncoding = 4; lastKnownFileType = sourcecode.c.h; path = AssociatedObjectViewController.h; sourceTree = "<group>"; };
		0171E5EA2112B5020033688F /* NSObject+AssociatedObjects.m */ = {isa = PBXFileReference; fileEncoding = 4; lastKnownFileType = sourcecode.c.objc; path = "NSObject+AssociatedObjects.m"; sourceTree = "<group>"; };
		0171E5EB2112B5020033688F /* AssociatedObjectViewController.m */ = {isa = PBXFileReference; fileEncoding = 4; lastKnownFileType = sourcecode.c.objc; path = AssociatedObjectViewController.m; sourceTree = "<group>"; };
		0171E5EC2112B5020033688F /* NSObject+AssociatedObjects.h */ = {isa = PBXFileReference; fileEncoding = 4; lastKnownFileType = sourcecode.c.h; path = "NSObject+AssociatedObjects.h"; sourceTree = "<group>"; };
		0171E5EE2112B5020033688F /* ConstValueViewController.h */ = {isa = PBXFileReference; fileEncoding = 4; lastKnownFileType = sourcecode.c.h; path = ConstValueViewController.h; sourceTree = "<group>"; };
		0171E5EF2112B5020033688F /* ConstValueViewController.m */ = {isa = PBXFileReference; fileEncoding = 4; lastKnownFileType = sourcecode.c.objc; path = ConstValueViewController.m; sourceTree = "<group>"; };
		0171E5F42112B5310033688F /* HGMValue.h */ = {isa = PBXFileReference; lastKnownFileType = sourcecode.c.h; path = HGMValue.h; sourceTree = "<group>"; };
		0171E5F52112B5310033688F /* HGMValue.m */ = {isa = PBXFileReference; lastKnownFileType = sourcecode.c.objc; path = HGMValue.m; sourceTree = "<group>"; };
		017BDFFA20FE3FC80064403D /* TestRecycleReferanceObjectA.h */ = {isa = PBXFileReference; lastKnownFileType = sourcecode.c.h; path = TestRecycleReferanceObjectA.h; sourceTree = "<group>"; };
		017BDFFB20FE3FC80064403D /* TestRecycleReferanceObjectA.m */ = {isa = PBXFileReference; lastKnownFileType = sourcecode.c.objc; path = TestRecycleReferanceObjectA.m; sourceTree = "<group>"; };
		017BDFFD20FE3FD40064403D /* TestRecycleReferanceObjectB.h */ = {isa = PBXFileReference; lastKnownFileType = sourcecode.c.h; path = TestRecycleReferanceObjectB.h; sourceTree = "<group>"; };
		017BDFFE20FE3FD40064403D /* TestRecycleReferanceObjectB.m */ = {isa = PBXFileReference; lastKnownFileType = sourcecode.c.objc; path = TestRecycleReferanceObjectB.m; sourceTree = "<group>"; };
		018BE89120F6E98000002064 /* Product.h */ = {isa = PBXFileReference; lastKnownFileType = sourcecode.c.h; path = Product.h; sourceTree = "<group>"; };
		018BE89220F6E98000002064 /* Product.m */ = {isa = PBXFileReference; lastKnownFileType = sourcecode.c.objc; path = Product.m; sourceTree = "<group>"; };
		018BE89E20F7495600002064 /* Book.h */ = {isa = PBXFileReference; lastKnownFileType = sourcecode.c.h; path = Book.h; sourceTree = "<group>"; };
		018BE89F20F7495600002064 /* Book.m */ = {isa = PBXFileReference; lastKnownFileType = sourcecode.c.objc; path = Book.m; sourceTree = "<group>"; };
		01A382F420EDE84900E79F52 /* HttpTools.h */ = {isa = PBXFileReference; lastKnownFileType = sourcecode.c.h; path = HttpTools.h; sourceTree = "<group>"; };
		01A382F520EDE84900E79F52 /* HttpTools.m */ = {isa = PBXFileReference; lastKnownFileType = sourcecode.c.objc; path = HttpTools.m; sourceTree = "<group>"; };
		01A382F820EDF1C500E79F52 /* Greeting.h */ = {isa = PBXFileReference; lastKnownFileType = sourcecode.c.h; path = Greeting.h; sourceTree = "<group>"; };
		01A382F920EDF1C500E79F52 /* Greeting.m */ = {isa = PBXFileReference; lastKnownFileType = sourcecode.c.objc; path = Greeting.m; sourceTree = "<group>"; };
		01A382FB20F4508100E79F52 /* OneViewController.h */ = {isa = PBXFileReference; lastKnownFileType = sourcecode.c.h; path = OneViewController.h; sourceTree = "<group>"; };
		01A382FC20F4508100E79F52 /* OneViewController.m */ = {isa = PBXFileReference; lastKnownFileType = sourcecode.c.objc; path = OneViewController.m; sourceTree = "<group>"; };
		01A382FF20F4537000E79F52 /* UIViewController+Hack.h */ = {isa = PBXFileReference; lastKnownFileType = sourcecode.c.h; path = "UIViewController+Hack.h"; sourceTree = "<group>"; };
		01A3830020F4537000E79F52 /* UIViewController+Hack.m */ = {isa = PBXFileReference; lastKnownFileType = sourcecode.c.objc; path = "UIViewController+Hack.m"; sourceTree = "<group>"; };
		01A3830220F45A4300E79F52 /* TwoViewController.h */ = {isa = PBXFileReference; lastKnownFileType = sourcecode.c.h; path = TwoViewController.h; sourceTree = "<group>"; };
		01A3830320F45A4300E79F52 /* TwoViewController.m */ = {isa = PBXFileReference; lastKnownFileType = sourcecode.c.objc; path = TwoViewController.m; sourceTree = "<group>"; };
		01BEAD1C2121D28600585903 /* HGMFMDBViewController.xib */ = {isa = PBXFileReference; lastKnownFileType = file.xib; path = HGMFMDBViewController.xib; sourceTree = "<group>"; };
		01C584692108DD04000174E1 /* HGMAutoDictionary.h */ = {isa = PBXFileReference; lastKnownFileType = sourcecode.c.h; path = HGMAutoDictionary.h; sourceTree = "<group>"; };
		01C5846A2108DD04000174E1 /* HGMAutoDictionary.m */ = {isa = PBXFileReference; lastKnownFileType = sourcecode.c.objc; path = HGMAutoDictionary.m; sourceTree = "<group>"; };
		01CCC1F2211D7DC400571AA3 /* HGMDES3Tool.h */ = {isa = PBXFileReference; lastKnownFileType = sourcecode.c.h; path = HGMDES3Tool.h; sourceTree = "<group>"; };
		01CCC1F3211D7DC400571AA3 /* HGMDES3Tool.m */ = {isa = PBXFileReference; lastKnownFileType = sourcecode.c.objc; path = HGMDES3Tool.m; sourceTree = "<group>"; };
		01CD2A1B20E487E2004C8FDF /* MyLearnCode.app */ = {isa = PBXFileReference; explicitFileType = wrapper.application; includeInIndex = 0; path = MyLearnCode.app; sourceTree = BUILT_PRODUCTS_DIR; };
		01CD2A1E20E487E2004C8FDF /* AppDelegate.h */ = {isa = PBXFileReference; lastKnownFileType = sourcecode.c.h; path = AppDelegate.h; sourceTree = "<group>"; };
		01CD2A1F20E487E2004C8FDF /* AppDelegate.m */ = {isa = PBXFileReference; lastKnownFileType = sourcecode.c.objc; path = AppDelegate.m; sourceTree = "<group>"; };
		01CD2A2120E487E2004C8FDF /* ViewController.h */ = {isa = PBXFileReference; lastKnownFileType = sourcecode.c.h; path = ViewController.h; sourceTree = "<group>"; };
		01CD2A2220E487E2004C8FDF /* ViewController.m */ = {isa = PBXFileReference; lastKnownFileType = sourcecode.c.objc; path = ViewController.m; sourceTree = "<group>"; };
		01CD2A2520E487E2004C8FDF /* Base */ = {isa = PBXFileReference; lastKnownFileType = file.storyboard; name = Base; path = Base.lproj/Main.storyboard; sourceTree = "<group>"; };
		01CD2A2720E487E4004C8FDF /* Assets.xcassets */ = {isa = PBXFileReference; lastKnownFileType = folder.assetcatalog; path = Assets.xcassets; sourceTree = "<group>"; };
		01CD2A2A20E487E4004C8FDF /* Base */ = {isa = PBXFileReference; lastKnownFileType = file.storyboard; name = Base; path = Base.lproj/LaunchScreen.storyboard; sourceTree = "<group>"; };
		01CD2A2C20E487E4004C8FDF /* Info.plist */ = {isa = PBXFileReference; lastKnownFileType = text.plist.xml; path = Info.plist; sourceTree = "<group>"; };
		01CD2A2D20E487E4004C8FDF /* main.m */ = {isa = PBXFileReference; lastKnownFileType = sourcecode.c.objc; path = main.m; sourceTree = "<group>"; };
		01F5D8BB2109784800F2E46C /* HGMRunloopViewController.h */ = {isa = PBXFileReference; lastKnownFileType = sourcecode.c.h; path = HGMRunloopViewController.h; sourceTree = "<group>"; };
		01F5D8BC2109784800F2E46C /* HGMRunloopViewController.m */ = {isa = PBXFileReference; lastKnownFileType = sourcecode.c.objc; path = HGMRunloopViewController.m; sourceTree = "<group>"; };
		01FF294A2110ACF80045F73C /* HGMPerson.h */ = {isa = PBXFileReference; lastKnownFileType = sourcecode.c.h; path = HGMPerson.h; sourceTree = "<group>"; };
		01FF294B2110ACF80045F73C /* HGMPerson.m */ = {isa = PBXFileReference; lastKnownFileType = sourcecode.c.objc; path = HGMPerson.m; sourceTree = "<group>"; };
		01FF294D2110AD340045F73C /* HGMPerson+load.h */ = {isa = PBXFileReference; lastKnownFileType = sourcecode.c.h; path = "HGMPerson+load.h"; sourceTree = "<group>"; };
		01FF294E2110AD340045F73C /* HGMPerson+load.m */ = {isa = PBXFileReference; lastKnownFileType = sourcecode.c.objc; path = "HGMPerson+load.m"; sourceTree = "<group>"; };
		01FF29502110AE100045F73C /* HGMStudent.h */ = {isa = PBXFileReference; lastKnownFileType = sourcecode.c.h; path = HGMStudent.h; sourceTree = "<group>"; };
		01FF29512110AE100045F73C /* HGMStudent.m */ = {isa = PBXFileReference; lastKnownFileType = sourcecode.c.objc; path = HGMStudent.m; sourceTree = "<group>"; };
		01FF29642112162E0045F73C /* HGMNick.h */ = {isa = PBXFileReference; lastKnownFileType = sourcecode.c.h; path = HGMNick.h; sourceTree = "<group>"; };
		01FF29652112162E0045F73C /* HGMNick.m */ = {isa = PBXFileReference; lastKnownFileType = sourcecode.c.objc; path = HGMNick.m; sourceTree = "<group>"; };
		01FF29672112167C0045F73C /* HGMNick+HGMWork.h */ = {isa = PBXFileReference; lastKnownFileType = sourcecode.c.h; path = "HGMNick+HGMWork.h"; sourceTree = "<group>"; };
		01FF29682112167C0045F73C /* HGMNick+HGMWork.m */ = {isa = PBXFileReference; lastKnownFileType = sourcecode.c.objc; path = "HGMNick+HGMWork.m"; sourceTree = "<group>"; };
		01FF296A211216EB0045F73C /* HGMNick+HGMPlay.h */ = {isa = PBXFileReference; lastKnownFileType = sourcecode.c.h; path = "HGMNick+HGMPlay.h"; sourceTree = "<group>"; };
		01FF296B211216EB0045F73C /* HGMNick+HGMPlay.m */ = {isa = PBXFileReference; lastKnownFileType = sourcecode.c.objc; path = "HGMNick+HGMPlay.m"; sourceTree = "<group>"; };
		01FF296D211217630045F73C /* HGMNick+HGMLearn.h */ = {isa = PBXFileReference; lastKnownFileType = sourcecode.c.h; path = "HGMNick+HGMLearn.h"; sourceTree = "<group>"; };
		01FF296E211217630045F73C /* HGMNick+HGMLearn.m */ = {isa = PBXFileReference; lastKnownFileType = sourcecode.c.objc; path = "HGMNick+HGMLearn.m"; sourceTree = "<group>"; };
		01FF297121134CC40045F73C /* HGMKVOObject.h */ = {isa = PBXFileReference; lastKnownFileType = sourcecode.c.h; path = HGMKVOObject.h; sourceTree = "<group>"; };
		01FF297221134CC40045F73C /* HGMKVOObject.m */ = {isa = PBXFileReference; lastKnownFileType = sourcecode.c.objc; path = HGMKVOObject.m; sourceTree = "<group>"; };
		01FF297421134CE90045F73C /* HGMKVOemplementViewController.h */ = {isa = PBXFileReference; lastKnownFileType = sourcecode.c.h; path = HGMKVOemplementViewController.h; sourceTree = "<group>"; };
		01FF297521134CE90045F73C /* HGMKVOemplementViewController.m */ = {isa = PBXFileReference; lastKnownFileType = sourcecode.c.objc; path = HGMKVOemplementViewController.m; sourceTree = "<group>"; };
		01FF2979211736F60045F73C /* HGMRetangle.h */ = {isa = PBXFileReference; lastKnownFileType = sourcecode.c.h; path = HGMRetangle.h; sourceTree = "<group>"; };
		01FF297A211736F60045F73C /* HGMRetangle.m */ = {isa = PBXFileReference; lastKnownFileType = sourcecode.c.objc; path = HGMRetangle.m; sourceTree = "<group>"; };
		01FF297C2117397C0045F73C /* HGMSquier.h */ = {isa = PBXFileReference; lastKnownFileType = sourcecode.c.h; path = HGMSquier.h; sourceTree = "<group>"; };
		01FF297D2117397C0045F73C /* HGMSquier.m */ = {isa = PBXFileReference; lastKnownFileType = sourcecode.c.objc; path = HGMSquier.m; sourceTree = "<group>"; };
		34BA4B78CEA4E4CEAB810C31 /* Pods-MyLearnCode.release.xcconfig */ = {isa = PBXFileReference; includeInIndex = 1; lastKnownFileType = text.xcconfig; name = "Pods-MyLearnCode.release.xcconfig"; path = "Pods/Target Support Files/Pods-MyLearnCode/Pods-MyLearnCode.release.xcconfig"; sourceTree = "<group>"; };
		AAEB3AE29718A1E60F20BA2C /* Pods-MyLearnCode.debug.xcconfig */ = {isa = PBXFileReference; includeInIndex = 1; lastKnownFileType = text.xcconfig; name = "Pods-MyLearnCode.debug.xcconfig"; path = "Pods/Target Support Files/Pods-MyLearnCode/Pods-MyLearnCode.debug.xcconfig"; sourceTree = "<group>"; };
/* End PBXFileReference section */

/* Begin PBXFrameworksBuildPhase section */
		01CD2A1820E487E2004C8FDF /* Frameworks */ = {
			isa = PBXFrameworksBuildPhase;
			buildActionMask = 2147483647;
			files = (
				88C0485292B15D7938ADAD0C /* libPods-MyLearnCode.a in Frameworks */,
			);
			runOnlyForDeploymentPostprocessing = 0;
		};
/* End PBXFrameworksBuildPhase section */

/* Begin PBXGroup section */
		010D90F12117EB520026B185 /* DeallocBlock */ = {
			isa = PBXGroup;
			children = (
				010D90F22117EB770026B185 /* NSObject+HGMGuard.h */,
				010D90F32117EB770026B185 /* NSObject+HGMGuard.m */,
				010D90F52117F0470026B185 /* HGMDeallocBlockViewController.h */,
				010D90F62117F0470026B185 /* HGMDeallocBlockViewController.m */,
			);
			path = DeallocBlock;
			sourceTree = "<group>";
		};
		01203D47211F523D0094C1E2 /* SupportingFile */ = {
			isa = PBXGroup;
			children = (
				01CD2A2420E487E2004C8FDF /* Main.storyboard */,
				01CD2A2720E487E4004C8FDF /* Assets.xcassets */,
				01CD2A2920E487E4004C8FDF /* LaunchScreen.storyboard */,
				01CD2A2C20E487E4004C8FDF /* Info.plist */,
				01CD2A2D20E487E4004C8FDF /* main.m */,
			);
			name = SupportingFile;
			sourceTree = "<group>";
		};
		0124AE77211F446800287C31 /* MethodSwizzling */ = {
			isa = PBXGroup;
			children = (
				0124AE78211F44C200287C31 /* NSString+HGMMethodSwape.h */,
				0124AE79211F44C200287C31 /* NSString+HGMMethodSwape.m */,
			);
			path = MethodSwizzling;
			sourceTree = "<group>";
		};
		014380E621208DEE00ED0EB1 /* MemerryManerger */ = {
			isa = PBXGroup;
			children = (
				014380E721208E5200ED0EB1 /* HGMFoo.h */,
				014380E821208E5200ED0EB1 /* HGMFoo.m */,
			);
			path = MemerryManerger;
			sourceTree = "<group>";
		};
		014380EA2121C90D00ED0EB1 /* FMDB */ = {
			isa = PBXGroup;
			children = (
				014380EB2121C96500ED0EB1 /* HGMFMDBManager.h */,
				014380EC2121C96500ED0EB1 /* HGMFMDBManager.m */,
				014380EE2121C9B500ED0EB1 /* HGMFMDBViewController.h */,
				014380EF2121C9B500ED0EB1 /* HGMFMDBViewController.m */,
				01BEAD1C2121D28600585903 /* HGMFMDBViewController.xib */,
			);
			path = FMDB;
			sourceTree = "<group>";
		};
		01561B35211B31DF00260C00 /* ChickenAndEggSituation */ = {
			isa = PBXGroup;
			children = (
				01561B36211B321C00260C00 /* HGMCAEPerson.h */,
				01561B37211B321C00260C00 /* HGMCAEPerson.m */,
				01561B39211B324A00260C00 /* HGMCAEEmployer.h */,
				01561B3A211B324A00260C00 /* HGMCAEEmployer.m */,
			);
			path = ChickenAndEggSituation;
			sourceTree = "<group>";
		};
		01561B41211B45C800260C00 /* NSCopying */ = {
			isa = PBXGroup;
			children = (
				01561B42211B45C800260C00 /* HGMCopyingPerson.m */,
				01561B43211B45C800260C00 /* HGMCopyingPerson.h */,
			);
			path = NSCopying;
			sourceTree = "<group>";
		};
		01561B45211B45D900260C00 /* NSEnum */ = {
			isa = PBXGroup;
			children = (
				01561B46211B45FB00260C00 /* HGMNSEnume.h */,
				01561B47211B45FB00260C00 /* HGMNSEnume.m */,
			);
			path = NSEnum;
			sourceTree = "<group>";
		};
		01561B4F211C31BD00260C00 /* Resource */ = {
			isa = PBXGroup;
			children = (
				0171E5D9211001580033688F /* timg.jpeg */,
				0171E5DB21100FF00033688F /* GodfreyKneller-IsaacNewton-1689.jpg */,
			);
			name = Resource;
			sourceTree = "<group>";
		};
		0171E5D4210FFF790033688F /* CoreImage */ = {
			isa = PBXGroup;
			children = (
				0171E5D5210FFFA40033688F /* HGMCoreImageViewController.h */,
				0171E5D6210FFFA40033688F /* HGMCoreImageViewController.m */,
			);
			path = CoreImage;
			sourceTree = "<group>";
		};
		0171E5DD2111405D0033688F /* Bridge */ = {
			isa = PBXGroup;
			children = (
				0171E5DE211140CD0033688F /* HGMBridgeViewController.h */,
				0171E5DF211140CD0033688F /* HGMBridgeViewController.m */,
			);
			path = Bridge;
			sourceTree = "<group>";
		};
		0171E5E12112B4B80033688F /* Protocol */ = {
			isa = PBXGroup;
			children = (
				0171E5E42112B4B80033688F /* HGMEmployer.h */,
				0171E5E22112B4B80033688F /* HGMEmployer.m */,
				0171E5E32112B4B80033688F /* HGMPartimeViewController.h */,
				0171E5E52112B4B80033688F /* HGMPartimeViewController.m */,
			);
			path = Protocol;
			sourceTree = "<group>";
		};
		0171E5E82112B5020033688F /* AssociatedObjects */ = {
			isa = PBXGroup;
			children = (
				0171E5E92112B5020033688F /* AssociatedObjectViewController.h */,
				0171E5EB2112B5020033688F /* AssociatedObjectViewController.m */,
				0171E5EC2112B5020033688F /* NSObject+AssociatedObjects.h */,
				0171E5EA2112B5020033688F /* NSObject+AssociatedObjects.m */,
			);
			path = AssociatedObjects;
			sourceTree = "<group>";
		};
		0171E5ED2112B5020033688F /* TestConstValue */ = {
			isa = PBXGroup;
			children = (
				0171E5EE2112B5020033688F /* ConstValueViewController.h */,
				0171E5EF2112B5020033688F /* ConstValueViewController.m */,
				01561B3C211B3E4F00260C00 /* HGMConstValueView.h */,
				01561B3D211B3E4F00260C00 /* HGMConstValueView.m */,
			);
			path = TestConstValue;
			sourceTree = "<group>";
		};
		0171E5F32112B5180033688F /* NSValue */ = {
			isa = PBXGroup;
			children = (
				0171E5F42112B5310033688F /* HGMValue.h */,
				0171E5F52112B5310033688F /* HGMValue.m */,
			);
			path = NSValue;
			sourceTree = "<group>";
		};
		017BDFF720FB885A0064403D /* Controllers */ = {
			isa = PBXGroup;
			children = (
				01CD2A2120E487E2004C8FDF /* ViewController.h */,
				01CD2A2220E487E2004C8FDF /* ViewController.m */,
				01A382FB20F4508100E79F52 /* OneViewController.h */,
				01A382FC20F4508100E79F52 /* OneViewController.m */,
				01A3830220F45A4300E79F52 /* TwoViewController.h */,
				01A3830320F45A4300E79F52 /* TwoViewController.m */,
				01561B4C211C103C00260C00 /* HGMThirdViewController.h */,
				01561B4D211C103C00260C00 /* HGMThirdViewController.m */,
			);
			path = Controllers;
			sourceTree = "<group>";
		};
		01A382F320EDE82400E79F52 /* Tools */ = {
			isa = PBXGroup;
			children = (
				01A382F420EDE84900E79F52 /* HttpTools.h */,
				01A382F520EDE84900E79F52 /* HttpTools.m */,
				01CCC1F2211D7DC400571AA3 /* HGMDES3Tool.h */,
				01CCC1F3211D7DC400571AA3 /* HGMDES3Tool.m */,
			);
			path = Tools;
			sourceTree = "<group>";
		};
		01A382F720EDF1B100E79F52 /* DataModel */ = {
			isa = PBXGroup;
			children = (
				01A382F820EDF1C500E79F52 /* Greeting.h */,
				01A382F920EDF1C500E79F52 /* Greeting.m */,
				018BE89120F6E98000002064 /* Product.h */,
				018BE89220F6E98000002064 /* Product.m */,
				018BE89E20F7495600002064 /* Book.h */,
				018BE89F20F7495600002064 /* Book.m */,
				017BDFFA20FE3FC80064403D /* TestRecycleReferanceObjectA.h */,
				017BDFFB20FE3FC80064403D /* TestRecycleReferanceObjectA.m */,
				017BDFFD20FE3FD40064403D /* TestRecycleReferanceObjectB.h */,
				017BDFFE20FE3FD40064403D /* TestRecycleReferanceObjectB.m */,
			);
			path = DataModel;
			sourceTree = "<group>";
		};
		01A382FE20F4533800E79F52 /* Hack */ = {
			isa = PBXGroup;
			children = (
				01A382FF20F4537000E79F52 /* UIViewController+Hack.h */,
				01A3830020F4537000E79F52 /* UIViewController+Hack.m */,
			);
			path = Hack;
			sourceTree = "<group>";
		};
		01C584682108DCA3000174E1 /* MessageForwarding */ = {
			isa = PBXGroup;
			children = (
				01C584692108DD04000174E1 /* HGMAutoDictionary.h */,
				01C5846A2108DD04000174E1 /* HGMAutoDictionary.m */,
				01561B49211BDEE800260C00 /* HGMForwardingTarget.h */,
				01561B4A211BDEE800260C00 /* HGMForwardingTarget.m */,
			);
			path = MessageForwarding;
			sourceTree = "<group>";
		};
		01CD2A1220E487E2004C8FDF = {
			isa = PBXGroup;
			children = (
				01CD2A1D20E487E2004C8FDF /* MyLearnCode */,
				01CD2A1C20E487E2004C8FDF /* Products */,
				7CA7784F9B5F36ECA7E6AFF9 /* Pods */,
				E6D5CD1958E2603A218C39DF /* Frameworks */,
			);
			sourceTree = "<group>";
		};
		01CD2A1C20E487E2004C8FDF /* Products */ = {
			isa = PBXGroup;
			children = (
				01CD2A1B20E487E2004C8FDF /* MyLearnCode.app */,
			);
			name = Products;
			sourceTree = "<group>";
		};
		01CD2A1D20E487E2004C8FDF /* MyLearnCode */ = {
			isa = PBXGroup;
			children = (
				014380EA2121C90D00ED0EB1 /* FMDB */,
				014380E621208DEE00ED0EB1 /* MemerryManerger */,
				0124AE77211F446800287C31 /* MethodSwizzling */,
				01561B4F211C31BD00260C00 /* Resource */,
				01561B45211B45D900260C00 /* NSEnum */,
				01561B41211B45C800260C00 /* NSCopying */,
				01561B35211B31DF00260C00 /* ChickenAndEggSituation */,
				010D90F12117EB520026B185 /* DeallocBlock */,
				01FF2978211736B30045F73C /* DesignatedInitializer */,
				01FF297021134C920045F73C /* KVOemplement */,
				0171E5F32112B5180033688F /* NSValue */,
				0171E5E82112B5020033688F /* AssociatedObjects */,
				0171E5ED2112B5020033688F /* TestConstValue */,
				0171E5E12112B4B80033688F /* Protocol */,
				01FF295D211215830045F73C /* Catorgry */,
				0171E5DD2111405D0033688F /* Bridge */,
				01FF29492110ACDF0045F73C /* TestLoadMethod */,
				0171E5D4210FFF790033688F /* CoreImage */,
				01F5D8BA2109782B00F2E46C /* Runloop */,
				01C584682108DCA3000174E1 /* MessageForwarding */,
				017BDFF720FB885A0064403D /* Controllers */,
				01A382FE20F4533800E79F52 /* Hack */,
				01A382F720EDF1B100E79F52 /* DataModel */,
				01A382F320EDE82400E79F52 /* Tools */,
				01CD2A1E20E487E2004C8FDF /* AppDelegate.h */,
				01CD2A1F20E487E2004C8FDF /* AppDelegate.m */,
				01203D47211F523D0094C1E2 /* SupportingFile */,
			);
			path = MyLearnCode;
			sourceTree = "<group>";
		};
		01F5D8BA2109782B00F2E46C /* Runloop */ = {
			isa = PBXGroup;
			children = (
				01F5D8BB2109784800F2E46C /* HGMRunloopViewController.h */,
				01F5D8BC2109784800F2E46C /* HGMRunloopViewController.m */,
			);
			path = Runloop;
			sourceTree = "<group>";
		};
		01FF29492110ACDF0045F73C /* TestLoadMethod */ = {
			isa = PBXGroup;
			children = (
				01FF294A2110ACF80045F73C /* HGMPerson.h */,
				01FF294B2110ACF80045F73C /* HGMPerson.m */,
				01FF294D2110AD340045F73C /* HGMPerson+load.h */,
				01FF294E2110AD340045F73C /* HGMPerson+load.m */,
				01FF29502110AE100045F73C /* HGMStudent.h */,
				01FF29512110AE100045F73C /* HGMStudent.m */,
			);
			path = TestLoadMethod;
			sourceTree = "<group>";
		};
		01FF295D211215830045F73C /* Catorgry */ = {
			isa = PBXGroup;
			children = (
				01FF29642112162E0045F73C /* HGMNick.h */,
				01FF29652112162E0045F73C /* HGMNick.m */,
				01FF29672112167C0045F73C /* HGMNick+HGMWork.h */,
				01FF29682112167C0045F73C /* HGMNick+HGMWork.m */,
				01FF296A211216EB0045F73C /* HGMNick+HGMPlay.h */,
				01FF296B211216EB0045F73C /* HGMNick+HGMPlay.m */,
				01FF296D211217630045F73C /* HGMNick+HGMLearn.h */,
				01FF296E211217630045F73C /* HGMNick+HGMLearn.m */,
			);
			path = Catorgry;
			sourceTree = "<group>";
		};
		01FF297021134C920045F73C /* KVOemplement */ = {
			isa = PBXGroup;
			children = (
				01FF297121134CC40045F73C /* HGMKVOObject.h */,
				01FF297221134CC40045F73C /* HGMKVOObject.m */,
				01FF297421134CE90045F73C /* HGMKVOemplementViewController.h */,
				01FF297521134CE90045F73C /* HGMKVOemplementViewController.m */,
			);
			path = KVOemplement;
			sourceTree = "<group>";
		};
		01FF2978211736B30045F73C /* DesignatedInitializer */ = {
			isa = PBXGroup;
			children = (
				01FF2979211736F60045F73C /* HGMRetangle.h */,
				01FF297A211736F60045F73C /* HGMRetangle.m */,
				01FF297C2117397C0045F73C /* HGMSquier.h */,
				01FF297D2117397C0045F73C /* HGMSquier.m */,
			);
			path = DesignatedInitializer;
			sourceTree = "<group>";
		};
		7CA7784F9B5F36ECA7E6AFF9 /* Pods */ = {
			isa = PBXGroup;
			children = (
				AAEB3AE29718A1E60F20BA2C /* Pods-MyLearnCode.debug.xcconfig */,
				34BA4B78CEA4E4CEAB810C31 /* Pods-MyLearnCode.release.xcconfig */,
			);
			name = Pods;
			sourceTree = "<group>";
		};
		E6D5CD1958E2603A218C39DF /* Frameworks */ = {
			isa = PBXGroup;
			children = (
				00264D19BBF8231C0B4D1147 /* libPods-MyLearnCode.a */,
			);
			name = Frameworks;
			sourceTree = "<group>";
		};
/* End PBXGroup section */

/* Begin PBXNativeTarget section */
		01CD2A1A20E487E2004C8FDF /* MyLearnCode */ = {
			isa = PBXNativeTarget;
			buildConfigurationList = 01CD2A3120E487E4004C8FDF /* Build configuration list for PBXNativeTarget "MyLearnCode" */;
			buildPhases = (
				99243B4D3E10B68C0D503FC9 /* [CP] Check Pods Manifest.lock */,
				01CD2A1720E487E2004C8FDF /* Sources */,
				01CD2A1820E487E2004C8FDF /* Frameworks */,
				01CD2A1920E487E2004C8FDF /* Resources */,
				3B243A95E0140C400B62D1B0 /* [CP] Embed Pods Frameworks */,
				F1F6A2753AA159D736AE9E3D /* [CP] Copy Pods Resources */,
			);
			buildRules = (
			);
			dependencies = (
			);
			name = MyLearnCode;
			productName = MyLearnCode;
			productReference = 01CD2A1B20E487E2004C8FDF /* MyLearnCode.app */;
			productType = "com.apple.product-type.application";
		};
/* End PBXNativeTarget section */

/* Begin PBXProject section */
		01CD2A1320E487E2004C8FDF /* Project object */ = {
			isa = PBXProject;
			attributes = {
				CLASSPREFIX = HGM;
				LastUpgradeCheck = 0940;
				ORGANIZATIONNAME = nick;
				TargetAttributes = {
					01CD2A1A20E487E2004C8FDF = {
						CreatedOnToolsVersion = 9.4;
					};
				};
			};
			buildConfigurationList = 01CD2A1620E487E2004C8FDF /* Build configuration list for PBXProject "MyLearnCode" */;
			compatibilityVersion = "Xcode 9.3";
			developmentRegion = en;
			hasScannedForEncodings = 0;
			knownRegions = (
				en,
				Base,
			);
			mainGroup = 01CD2A1220E487E2004C8FDF;
			productRefGroup = 01CD2A1C20E487E2004C8FDF /* Products */;
			projectDirPath = "";
			projectRoot = "";
			targets = (
				01CD2A1A20E487E2004C8FDF /* MyLearnCode */,
			);
		};
/* End PBXProject section */

/* Begin PBXResourcesBuildPhase section */
		01CD2A1920E487E2004C8FDF /* Resources */ = {
			isa = PBXResourcesBuildPhase;
			buildActionMask = 2147483647;
			files = (
				01BEAD1D2121D28600585903 /* HGMFMDBViewController.xib in Resources */,
				01CD2A2B20E487E4004C8FDF /* LaunchScreen.storyboard in Resources */,
				01CD2A2820E487E4004C8FDF /* Assets.xcassets in Resources */,
				0171E5DA211001580033688F /* timg.jpeg in Resources */,
				0171E5DC21100FF00033688F /* GodfreyKneller-IsaacNewton-1689.jpg in Resources */,
				01CD2A2620E487E2004C8FDF /* Main.storyboard in Resources */,
			);
			runOnlyForDeploymentPostprocessing = 0;
		};
/* End PBXResourcesBuildPhase section */

/* Begin PBXShellScriptBuildPhase section */
		3B243A95E0140C400B62D1B0 /* [CP] Embed Pods Frameworks */ = {
			isa = PBXShellScriptBuildPhase;
			buildActionMask = 2147483647;
			files = (
			);
			inputPaths = (
			);
			name = "[CP] Embed Pods Frameworks";
			outputPaths = (
			);
			runOnlyForDeploymentPostprocessing = 0;
			shellPath = /bin/sh;
			shellScript = "\"${SRCROOT}/Pods/Target Support Files/Pods-MyLearnCode/Pods-MyLearnCode-frameworks.sh\"\n";
			showEnvVarsInLog = 0;
		};
		99243B4D3E10B68C0D503FC9 /* [CP] Check Pods Manifest.lock */ = {
			isa = PBXShellScriptBuildPhase;
			buildActionMask = 2147483647;
			files = (
			);
			inputPaths = (
				"${PODS_PODFILE_DIR_PATH}/Podfile.lock",
				"${PODS_ROOT}/Manifest.lock",
			);
			name = "[CP] Check Pods Manifest.lock";
			outputPaths = (
				"$(DERIVED_FILE_DIR)/Pods-MyLearnCode-checkManifestLockResult.txt",
			);
			runOnlyForDeploymentPostprocessing = 0;
			shellPath = /bin/sh;
			shellScript = "diff \"${PODS_PODFILE_DIR_PATH}/Podfile.lock\" \"${PODS_ROOT}/Manifest.lock\" > /dev/null\nif [ $? != 0 ] ; then\n    # print error to STDERR\n    echo \"error: The sandbox is not in sync with the Podfile.lock. Run 'pod install' or update your CocoaPods installation.\" >&2\n    exit 1\nfi\n# This output is used by Xcode 'outputs' to avoid re-running this script phase.\necho \"SUCCESS\" > \"${SCRIPT_OUTPUT_FILE_0}\"\n";
			showEnvVarsInLog = 0;
		};
		F1F6A2753AA159D736AE9E3D /* [CP] Copy Pods Resources */ = {
			isa = PBXShellScriptBuildPhase;
			buildActionMask = 2147483647;
			files = (
			);
			inputPaths = (
			);
			name = "[CP] Copy Pods Resources";
			outputPaths = (
			);
			runOnlyForDeploymentPostprocessing = 0;
			shellPath = /bin/sh;
			shellScript = "\"${SRCROOT}/Pods/Target Support Files/Pods-MyLearnCode/Pods-MyLearnCode-resources.sh\"\n";
			showEnvVarsInLog = 0;
		};
/* End PBXShellScriptBuildPhase section */

/* Begin PBXSourcesBuildPhase section */
		01CD2A1720E487E2004C8FDF /* Sources */ = {
			isa = PBXSourcesBuildPhase;
			buildActionMask = 2147483647;
			files = (
				018BE8A020F7495600002064 /* Book.m in Sources */,
				01A3830120F4537100E79F52 /* UIViewController+Hack.m in Sources */,
				01FF296C211216EB0045F73C /* HGMNick+HGMPlay.m in Sources */,
				01CD2A2320E487E2004C8FDF /* ViewController.m in Sources */,
				01FF297321134CC40045F73C /* HGMKVOObject.m in Sources */,
				014380E921208E5200ED0EB1 /* HGMFoo.m in Sources */,
				01CD2A2E20E487E4004C8FDF /* main.m in Sources */,
				014380ED2121C96600ED0EB1 /* HGMFMDBManager.m in Sources */,
				01FF29692112167C0045F73C /* HGMNick+HGMWork.m in Sources */,
				0124AE7A211F44C200287C31 /* NSString+HGMMethodSwape.m in Sources */,
				014380F02121C9B500ED0EB1 /* HGMFMDBViewController.m in Sources */,
				01561B3B211B324A00260C00 /* HGMCAEEmployer.m in Sources */,
				01FF294C2110ACF80045F73C /* HGMPerson.m in Sources */,
				01561B44211B45C900260C00 /* HGMCopyingPerson.m in Sources */,
				010D90F72117F0470026B185 /* HGMDeallocBlockViewController.m in Sources */,
				01561B48211B45FB00260C00 /* HGMNSEnume.m in Sources */,
				0171E5F62112B5310033688F /* HGMValue.m in Sources */,
				018BE89320F6E98000002064 /* Product.m in Sources */,
				01FF297E2117397C0045F73C /* HGMSquier.m in Sources */,
				01561B38211B321C00260C00 /* HGMCAEPerson.m in Sources */,
				01F5D8BD2109784800F2E46C /* HGMRunloopViewController.m in Sources */,
				01FF297621134CE90045F73C /* HGMKVOemplementViewController.m in Sources */,
				01561B3E211B3E4F00260C00 /* HGMConstValueView.m in Sources */,
				0171E5F22112B5020033688F /* ConstValueViewController.m in Sources */,
				0171E5F12112B5020033688F /* AssociatedObjectViewController.m in Sources */,
				01FF297B211736F60045F73C /* HGMRetangle.m in Sources */,
				01CD2A2020E487E2004C8FDF /* AppDelegate.m in Sources */,
				01FF29522110AE100045F73C /* HGMStudent.m in Sources */,
				0171E5E72112B4B80033688F /* HGMPartimeViewController.m in Sources */,
				0171E5E62112B4B80033688F /* HGMEmployer.m in Sources */,
				01A382FD20F4508100E79F52 /* OneViewController.m in Sources */,
				017BDFFF20FE3FD40064403D /* TestRecycleReferanceObjectB.m in Sources */,
				01A382FA20EDF1C500E79F52 /* Greeting.m in Sources */,
				01FF29662112162E0045F73C /* HGMNick.m in Sources */,
				01A382F620EDE84900E79F52 /* HttpTools.m in Sources */,
				01FF294F2110AD340045F73C /* HGMPerson+load.m in Sources */,
				0171E5E0211140CD0033688F /* HGMBridgeViewController.m in Sources */,
				010D90F42117EB770026B185 /* NSObject+HGMGuard.m in Sources */,
				017BDFFC20FE3FC80064403D /* TestRecycleReferanceObjectA.m in Sources */,
				01FF296F211217630045F73C /* HGMNick+HGMLearn.m in Sources */,
				01A3830420F45A4300E79F52 /* TwoViewController.m in Sources */,
				01C5846B2108DD04000174E1 /* HGMAutoDictionary.m in Sources */,
				0171E5D7210FFFA40033688F /* HGMCoreImageViewController.m in Sources */,
				01561B4B211BDEE800260C00 /* HGMForwardingTarget.m in Sources */,
				01CCC1F4211D7DC400571AA3 /* HGMDES3Tool.m in Sources */,
				0171E5F02112B5020033688F /* NSObject+AssociatedObjects.m in Sources */,
				01561B4E211C103C00260C00 /* HGMThirdViewController.m in Sources */,
			);
			runOnlyForDeploymentPostprocessing = 0;
		};
/* End PBXSourcesBuildPhase section */

/* Begin PBXVariantGroup section */
		01CD2A2420E487E2004C8FDF /* Main.storyboard */ = {
			isa = PBXVariantGroup;
			children = (
				01CD2A2520E487E2004C8FDF /* Base */,
			);
			name = Main.storyboard;
			sourceTree = "<group>";
		};
		01CD2A2920E487E4004C8FDF /* LaunchScreen.storyboard */ = {
			isa = PBXVariantGroup;
			children = (
				01CD2A2A20E487E4004C8FDF /* Base */,
			);
			name = LaunchScreen.storyboard;
			sourceTree = "<group>";
		};
/* End PBXVariantGroup section */

/* Begin XCBuildConfiguration section */
		01CD2A2F20E487E4004C8FDF /* Debug */ = {
			isa = XCBuildConfiguration;
			buildSettings = {
				ALWAYS_SEARCH_USER_PATHS = NO;
				CLANG_ANALYZER_NONNULL = YES;
				CLANG_ANALYZER_NUMBER_OBJECT_CONVERSION = YES_AGGRESSIVE;
				CLANG_CXX_LANGUAGE_STANDARD = "gnu++14";
				CLANG_CXX_LIBRARY = "libc++";
				CLANG_ENABLE_MODULES = YES;
				CLANG_ENABLE_OBJC_ARC = YES;
				CLANG_ENABLE_OBJC_WEAK = YES;
				CLANG_WARN_BLOCK_CAPTURE_AUTORELEASING = YES;
				CLANG_WARN_BOOL_CONVERSION = YES;
				CLANG_WARN_COMMA = YES;
				CLANG_WARN_CONSTANT_CONVERSION = YES;
				CLANG_WARN_DEPRECATED_OBJC_IMPLEMENTATIONS = YES;
				CLANG_WARN_DIRECT_OBJC_ISA_USAGE = YES_ERROR;
				CLANG_WARN_DOCUMENTATION_COMMENTS = YES;
				CLANG_WARN_EMPTY_BODY = YES;
				CLANG_WARN_ENUM_CONVERSION = YES;
				CLANG_WARN_INFINITE_RECURSION = YES;
				CLANG_WARN_INT_CONVERSION = YES;
				CLANG_WARN_NON_LITERAL_NULL_CONVERSION = YES;
				CLANG_WARN_OBJC_IMPLICIT_RETAIN_SELF = YES;
				CLANG_WARN_OBJC_LITERAL_CONVERSION = YES;
				CLANG_WARN_OBJC_ROOT_CLASS = YES_ERROR;
				CLANG_WARN_RANGE_LOOP_ANALYSIS = YES;
				CLANG_WARN_STRICT_PROTOTYPES = YES;
				CLANG_WARN_SUSPICIOUS_MOVE = YES;
				CLANG_WARN_UNGUARDED_AVAILABILITY = YES_AGGRESSIVE;
				CLANG_WARN_UNREACHABLE_CODE = YES;
				CLANG_WARN__DUPLICATE_METHOD_MATCH = YES;
				CODE_SIGN_IDENTITY = "iPhone Developer";
				COPY_PHASE_STRIP = NO;
				DEBUG_INFORMATION_FORMAT = dwarf;
				ENABLE_STRICT_OBJC_MSGSEND = YES;
				ENABLE_TESTABILITY = YES;
				GCC_C_LANGUAGE_STANDARD = gnu11;
				GCC_DYNAMIC_NO_PIC = NO;
				GCC_NO_COMMON_BLOCKS = YES;
				GCC_OPTIMIZATION_LEVEL = 0;
				GCC_PREPROCESSOR_DEFINITIONS = (
					"DEBUG=1",
					"$(inherited)",
				);
				GCC_WARN_64_TO_32_BIT_CONVERSION = YES;
				GCC_WARN_ABOUT_RETURN_TYPE = YES_ERROR;
				GCC_WARN_UNDECLARED_SELECTOR = YES;
				GCC_WARN_UNINITIALIZED_AUTOS = YES_AGGRESSIVE;
				GCC_WARN_UNUSED_FUNCTION = YES;
				GCC_WARN_UNUSED_VARIABLE = YES;
				IPHONEOS_DEPLOYMENT_TARGET = 10.0;
				MTL_ENABLE_DEBUG_INFO = YES;
				ONLY_ACTIVE_ARCH = YES;
				SDKROOT = iphoneos;
			};
			name = Debug;
		};
		01CD2A3020E487E4004C8FDF /* Release */ = {
			isa = XCBuildConfiguration;
			buildSettings = {
				ALWAYS_SEARCH_USER_PATHS = NO;
				CLANG_ANALYZER_NONNULL = YES;
				CLANG_ANALYZER_NUMBER_OBJECT_CONVERSION = YES_AGGRESSIVE;
				CLANG_CXX_LANGUAGE_STANDARD = "gnu++14";
				CLANG_CXX_LIBRARY = "libc++";
				CLANG_ENABLE_MODULES = YES;
				CLANG_ENABLE_OBJC_ARC = YES;
				CLANG_ENABLE_OBJC_WEAK = YES;
				CLANG_WARN_BLOCK_CAPTURE_AUTORELEASING = YES;
				CLANG_WARN_BOOL_CONVERSION = YES;
				CLANG_WARN_COMMA = YES;
				CLANG_WARN_CONSTANT_CONVERSION = YES;
				CLANG_WARN_DEPRECATED_OBJC_IMPLEMENTATIONS = YES;
				CLANG_WARN_DIRECT_OBJC_ISA_USAGE = YES_ERROR;
				CLANG_WARN_DOCUMENTATION_COMMENTS = YES;
				CLANG_WARN_EMPTY_BODY = YES;
				CLANG_WARN_ENUM_CONVERSION = YES;
				CLANG_WARN_INFINITE_RECURSION = YES;
				CLANG_WARN_INT_CONVERSION = YES;
				CLANG_WARN_NON_LITERAL_NULL_CONVERSION = YES;
				CLANG_WARN_OBJC_IMPLICIT_RETAIN_SELF = YES;
				CLANG_WARN_OBJC_LITERAL_CONVERSION = YES;
				CLANG_WARN_OBJC_ROOT_CLASS = YES_ERROR;
				CLANG_WARN_RANGE_LOOP_ANALYSIS = YES;
				CLANG_WARN_STRICT_PROTOTYPES = YES;
				CLANG_WARN_SUSPICIOUS_MOVE = YES;
				CLANG_WARN_UNGUARDED_AVAILABILITY = YES_AGGRESSIVE;
				CLANG_WARN_UNREACHABLE_CODE = YES;
				CLANG_WARN__DUPLICATE_METHOD_MATCH = YES;
				CODE_SIGN_IDENTITY = "iPhone Developer";
				COPY_PHASE_STRIP = NO;
				DEBUG_INFORMATION_FORMAT = "dwarf-with-dsym";
				ENABLE_NS_ASSERTIONS = NO;
				ENABLE_STRICT_OBJC_MSGSEND = YES;
				GCC_C_LANGUAGE_STANDARD = gnu11;
				GCC_NO_COMMON_BLOCKS = YES;
				GCC_WARN_64_TO_32_BIT_CONVERSION = YES;
				GCC_WARN_ABOUT_RETURN_TYPE = YES_ERROR;
				GCC_WARN_UNDECLARED_SELECTOR = YES;
				GCC_WARN_UNINITIALIZED_AUTOS = YES_AGGRESSIVE;
				GCC_WARN_UNUSED_FUNCTION = YES;
				GCC_WARN_UNUSED_VARIABLE = YES;
				IPHONEOS_DEPLOYMENT_TARGET = 10.0;
				MTL_ENABLE_DEBUG_INFO = NO;
				SDKROOT = iphoneos;
				VALIDATE_PRODUCT = YES;
			};
			name = Release;
		};
		01CD2A3220E487E4004C8FDF /* Debug */ = {
			isa = XCBuildConfiguration;
			baseConfigurationReference = AAEB3AE29718A1E60F20BA2C /* Pods-MyLearnCode.debug.xcconfig */;
			buildSettings = {
				ASSETCATALOG_COMPILER_APPICON_NAME = AppIcon;
				CODE_SIGN_IDENTITY = "iPhone Developer";
				CODE_SIGN_STYLE = Automatic;
				DEVELOPMENT_TEAM = U7J77R4NH6;
				INFOPLIST_FILE = MyLearnCode/Info.plist;
				LD_RUNPATH_SEARCH_PATHS = (
					"$(inherited)",
					"@executable_path/Frameworks",
				);
				PRODUCT_BUNDLE_IDENTIFIER = com.nick.MyLearnCode;
				PRODUCT_NAME = "$(TARGET_NAME)";
				PROVISIONING_PROFILE_SPECIFIER = "";
				TARGETED_DEVICE_FAMILY = 1;
			};
			name = Debug;
		};
		01CD2A3320E487E4004C8FDF /* Release */ = {
			isa = XCBuildConfiguration;
			baseConfigurationReference = 34BA4B78CEA4E4CEAB810C31 /* Pods-MyLearnCode.release.xcconfig */;
			buildSettings = {
				ASSETCATALOG_COMPILER_APPICON_NAME = AppIcon;
				CODE_SIGN_IDENTITY = "iPhone Developer";
				CODE_SIGN_STYLE = Automatic;
				DEVELOPMENT_TEAM = U7J77R4NH6;
				INFOPLIST_FILE = MyLearnCode/Info.plist;
				LD_RUNPATH_SEARCH_PATHS = (
					"$(inherited)",
					"@executable_path/Frameworks",
				);
				PRODUCT_BUNDLE_IDENTIFIER = com.nick.MyLearnCode;
				PRODUCT_NAME = "$(TARGET_NAME)";
				PROVISIONING_PROFILE_SPECIFIER = "";
				TARGETED_DEVICE_FAMILY = 1;
			};
			name = Release;
		};
/* End XCBuildConfiguration section */

/* Begin XCConfigurationList section */
		01CD2A1620E487E2004C8FDF /* Build configuration list for PBXProject "MyLearnCode" */ = {
			isa = XCConfigurationList;
			buildConfigurations = (
				01CD2A2F20E487E4004C8FDF /* Debug */,
				01CD2A3020E487E4004C8FDF /* Release */,
			);
			defaultConfigurationIsVisible = 0;
			defaultConfigurationName = Release;
		};
		01CD2A3120E487E4004C8FDF /* Build configuration list for PBXNativeTarget "MyLearnCode" */ = {
			isa = XCConfigurationList;
			buildConfigurations = (
				01CD2A3220E487E4004C8FDF /* Debug */,
				01CD2A3320E487E4004C8FDF /* Release */,
			);
			defaultConfigurationIsVisible = 0;
			defaultConfigurationName = Release;
		};
/* End XCConfigurationList section */
	};
	rootObject = 01CD2A1320E487E2004C8FDF /* Project object */;
}
