// !$*UTF8*$!
{
	archiveVersion = 1;
	classes = {
	};
	objectVersion = 50;
	objects = {

/* Begin PBXBuildFile section */
		018BE89320F6E98000002064 /* Product.m in Sources */ = {isa = PBXBuildFile; fileRef = 018BE89220F6E98000002064 /* Product.m */; };
		018BE8A020F7495600002064 /* Book.m in Sources */ = {isa = PBXBuildFile; fileRef = 018BE89F20F7495600002064 /* Book.m */; };
		01A382F620EDE84900E79F52 /* HttpTools.m in Sources */ = {isa = PBXBuildFile; fileRef = 01A382F520EDE84900E79F52 /* HttpTools.m */; };
		01A382FA20EDF1C500E79F52 /* Greeting.m in Sources */ = {isa = PBXBuildFile; fileRef = 01A382F920EDF1C500E79F52 /* Greeting.m */; };
		01A382FD20F4508100E79F52 /* OneViewController.m in Sources */ = {isa = PBXBuildFile; fileRef = 01A382FC20F4508100E79F52 /* OneViewController.m */; };
		01A3830120F4537100E79F52 /* UIViewController+Hack.m in Sources */ = {isa = PBXBuildFile; fileRef = 01A3830020F4537000E79F52 /* UIViewController+Hack.m */; };
		01A3830420F45A4300E79F52 /* TwoViewController.m in Sources */ = {isa = PBXBuildFile; fileRef = 01A3830320F45A4300E79F52 /* TwoViewController.m */; };
		01CD2A2020E487E2004C8FDF /* AppDelegate.m in Sources */ = {isa = PBXBuildFile; fileRef = 01CD2A1F20E487E2004C8FDF /* AppDelegate.m */; };
		01CD2A2320E487E2004C8FDF /* ViewController.m in Sources */ = {isa = PBXBuildFile; fileRef = 01CD2A2220E487E2004C8FDF /* ViewController.m */; };
		01CD2A2620E487E2004C8FDF /* Main.storyboard in Resources */ = {isa = PBXBuildFile; fileRef = 01CD2A2420E487E2004C8FDF /* Main.storyboard */; };
		01CD2A2820E487E4004C8FDF /* Assets.xcassets in Resources */ = {isa = PBXBuildFile; fileRef = 01CD2A2720E487E4004C8FDF /* Assets.xcassets */; };
		01CD2A2B20E487E4004C8FDF /* LaunchScreen.storyboard in Resources */ = {isa = PBXBuildFile; fileRef = 01CD2A2920E487E4004C8FDF /* LaunchScreen.storyboard */; };
		01CD2A2E20E487E4004C8FDF /* main.m in Sources */ = {isa = PBXBuildFile; fileRef = 01CD2A2D20E487E4004C8FDF /* main.m */; };
		88C0485292B15D7938ADAD0C /* libPods-11111.a in Frameworks */ = {isa = PBXBuildFile; fileRef = 00264D19BBF8231C0B4D1147 /* libPods-11111.a */; };
/* End PBXBuildFile section */

/* Begin PBXFileReference section */
		00264D19BBF8231C0B4D1147 /* libPods-11111.a */ = {isa = PBXFileReference; explicitFileType = archive.ar; includeInIndex = 0; path = "libPods-11111.a"; sourceTree = BUILT_PRODUCTS_DIR; };
		018BE89120F6E98000002064 /* Product.h */ = {isa = PBXFileReference; lastKnownFileType = sourcecode.c.h; path = Product.h; sourceTree = "<group>"; };
		018BE89220F6E98000002064 /* Product.m */ = {isa = PBXFileReference; lastKnownFileType = sourcecode.c.objc; path = Product.m; sourceTree = "<group>"; };
		018BE89E20F7495600002064 /* Book.h */ = {isa = PBXFileReference; lastKnownFileType = sourcecode.c.h; path = Book.h; sourceTree = "<group>"; };
		018BE89F20F7495600002064 /* Book.m */ = {isa = PBXFileReference; lastKnownFileType = sourcecode.c.objc; path = Book.m; sourceTree = "<group>"; };
		01A382F420EDE84900E79F52 /* HttpTools.h */ = {isa = PBXFileReference; lastKnownFileType = sourcecode.c.h; path = HttpTools.h; sourceTree = "<group>"; };
		01A382F520EDE84900E79F52 /* HttpTools.m */ = {isa = PBXFileReference; lastKnownFileType = sourcecode.c.objc; path = HttpTools.m; sourceTree = "<group>"; };
		01A382F820EDF1C500E79F52 /* Greeting.h */ = {isa = PBXFileReference; lastKnownFileType = sourcecode.c.h; path = Greeting.h; sourceTree = "<group>"; };
		01A382F920EDF1C500E79F52 /* Greeting.m */ = {isa = PBXFileReference; lastKnownFileType = sourcecode.c.objc; path = Greeting.m; sourceTree = "<group>"; };
		01A382FB20F4508100E79F52 /* OneViewController.h */ = {isa = PBXFileReference; lastKnownFileType = sourcecode.c.h; path = OneViewController.h; sourceTree = "<group>"; };
		01A382FC20F4508100E79F52 /* OneViewController.m */ = {isa = PBXFileReference; lastKnownFileType = sourcecode.c.objc; path = OneViewController.m; sourceTree = "<group>"; };
		01A382FF20F4537000E79F52 /* UIViewController+Hack.h */ = {isa = PBXFileReference; lastKnownFileType = sourcecode.c.h; path = "UIViewController+Hack.h"; sourceTree = "<group>"; };
		01A3830020F4537000E79F52 /* UIViewController+Hack.m */ = {isa = PBXFileReference; lastKnownFileType = sourcecode.c.objc; path = "UIViewController+Hack.m"; sourceTree = "<group>"; };
		01A3830220F45A4300E79F52 /* TwoViewController.h */ = {isa = PBXFileReference; lastKnownFileType = sourcecode.c.h; path = TwoViewController.h; sourceTree = "<group>"; };
		01A3830320F45A4300E79F52 /* TwoViewController.m */ = {isa = PBXFileReference; lastKnownFileType = sourcecode.c.objc; path = TwoViewController.m; sourceTree = "<group>"; };
		01CD2A1B20E487E2004C8FDF /* 11111.app */ = {isa = PBXFileReference; explicitFileType = wrapper.application; includeInIndex = 0; path = 11111.app; sourceTree = BUILT_PRODUCTS_DIR; };
		01CD2A1E20E487E2004C8FDF /* AppDelegate.h */ = {isa = PBXFileReference; lastKnownFileType = sourcecode.c.h; path = AppDelegate.h; sourceTree = "<group>"; };
		01CD2A1F20E487E2004C8FDF /* AppDelegate.m */ = {isa = PBXFileReference; lastKnownFileType = sourcecode.c.objc; path = AppDelegate.m; sourceTree = "<group>"; };
		01CD2A2120E487E2004C8FDF /* ViewController.h */ = {isa = PBXFileReference; lastKnownFileType = sourcecode.c.h; path = ViewController.h; sourceTree = "<group>"; };
		01CD2A2220E487E2004C8FDF /* ViewController.m */ = {isa = PBXFileReference; lastKnownFileType = sourcecode.c.objc; path = ViewController.m; sourceTree = "<group>"; };
		01CD2A2520E487E2004C8FDF /* Base */ = {isa = PBXFileReference; lastKnownFileType = file.storyboard; name = Base; path = Base.lproj/Main.storyboard; sourceTree = "<group>"; };
		01CD2A2720E487E4004C8FDF /* Assets.xcassets */ = {isa = PBXFileReference; lastKnownFileType = folder.assetcatalog; path = Assets.xcassets; sourceTree = "<group>"; };
		01CD2A2A20E487E4004C8FDF /* Base */ = {isa = PBXFileReference; lastKnownFileType = file.storyboard; name = Base; path = Base.lproj/LaunchScreen.storyboard; sourceTree = "<group>"; };
		01CD2A2C20E487E4004C8FDF /* Info.plist */ = {isa = PBXFileReference; lastKnownFileType = text.plist.xml; path = Info.plist; sourceTree = "<group>"; };
		01CD2A2D20E487E4004C8FDF /* main.m */ = {isa = PBXFileReference; lastKnownFileType = sourcecode.c.objc; path = main.m; sourceTree = "<group>"; };
		34BA4B78CEA4E4CEAB810C31 /* Pods-11111.release.xcconfig */ = {isa = PBXFileReference; includeInIndex = 1; lastKnownFileType = text.xcconfig; name = "Pods-11111.release.xcconfig"; path = "Pods/Target Support Files/Pods-11111/Pods-11111.release.xcconfig"; sourceTree = "<group>"; };
		AAEB3AE29718A1E60F20BA2C /* Pods-11111.debug.xcconfig */ = {isa = PBXFileReference; includeInIndex = 1; lastKnownFileType = text.xcconfig; name = "Pods-11111.debug.xcconfig"; path = "Pods/Target Support Files/Pods-11111/Pods-11111.debug.xcconfig"; sourceTree = "<group>"; };
/* End PBXFileReference section */

/* Begin PBXFrameworksBuildPhase section */
		01CD2A1820E487E2004C8FDF /* Frameworks */ = {
			isa = PBXFrameworksBuildPhase;
			buildActionMask = 2147483647;
			files = (
				88C0485292B15D7938ADAD0C /* libPods-11111.a in Frameworks */,
			);
			runOnlyForDeploymentPostprocessing = 0;
		};
/* End PBXFrameworksBuildPhase section */

/* Begin PBXGroup section */
		01A382F320EDE82400E79F52 /* Tools */ = {
			isa = PBXGroup;
			children = (
				01A382F420EDE84900E79F52 /* HttpTools.h */,
				01A382F520EDE84900E79F52 /* HttpTools.m */,
			);
			path = Tools;
			sourceTree = "<group>";
		};
		01A382F720EDF1B100E79F52 /* DataModel */ = {
			isa = PBXGroup;
			children = (
				01A382F820EDF1C500E79F52 /* Greeting.h */,
				01A382F920EDF1C500E79F52 /* Greeting.m */,
				018BE89120F6E98000002064 /* Product.h */,
				018BE89220F6E98000002064 /* Product.m */,
				018BE89E20F7495600002064 /* Book.h */,
				018BE89F20F7495600002064 /* Book.m */,
			);
			path = DataModel;
			sourceTree = "<group>";
		};
		01A382FE20F4533800E79F52 /* Hack */ = {
			isa = PBXGroup;
			children = (
				01A382FF20F4537000E79F52 /* UIViewController+Hack.h */,
				01A3830020F4537000E79F52 /* UIViewController+Hack.m */,
			);
			path = Hack;
			sourceTree = "<group>";
		};
		01CD2A1220E487E2004C8FDF = {
			isa = PBXGroup;
			children = (
				01CD2A1D20E487E2004C8FDF /* 11111 */,
				01CD2A1C20E487E2004C8FDF /* Products */,
				7CA7784F9B5F36ECA7E6AFF9 /* Pods */,
				E6D5CD1958E2603A218C39DF /* Frameworks */,
			);
			sourceTree = "<group>";
		};
		01CD2A1C20E487E2004C8FDF /* Products */ = {
			isa = PBXGroup;
			children = (
				01CD2A1B20E487E2004C8FDF /* 11111.app */,
			);
			name = Products;
			sourceTree = "<group>";
		};
		01CD2A1D20E487E2004C8FDF /* 11111 */ = {
			isa = PBXGroup;
			children = (
				01A382FE20F4533800E79F52 /* Hack */,
				01A382F720EDF1B100E79F52 /* DataModel */,
				01A382F320EDE82400E79F52 /* Tools */,
				01CD2A1E20E487E2004C8FDF /* AppDelegate.h */,
				01CD2A1F20E487E2004C8FDF /* AppDelegate.m */,
				01CD2A2120E487E2004C8FDF /* ViewController.h */,
				01CD2A2220E487E2004C8FDF /* ViewController.m */,
				01A382FB20F4508100E79F52 /* OneViewController.h */,
				01A382FC20F4508100E79F52 /* OneViewController.m */,
				01A3830220F45A4300E79F52 /* TwoViewController.h */,
				01A3830320F45A4300E79F52 /* TwoViewController.m */,
				01CD2A2420E487E2004C8FDF /* Main.storyboard */,
				01CD2A2720E487E4004C8FDF /* Assets.xcassets */,
				01CD2A2920E487E4004C8FDF /* LaunchScreen.storyboard */,
				01CD2A2C20E487E4004C8FDF /* Info.plist */,
				01CD2A2D20E487E4004C8FDF /* main.m */,
			);
			path = 11111;
			sourceTree = "<group>";
		};
		7CA7784F9B5F36ECA7E6AFF9 /* Pods */ = {
			isa = PBXGroup;
			children = (
				AAEB3AE29718A1E60F20BA2C /* Pods-11111.debug.xcconfig */,
				34BA4B78CEA4E4CEAB810C31 /* Pods-11111.release.xcconfig */,
			);
			name = Pods;
			sourceTree = "<group>";
		};
		E6D5CD1958E2603A218C39DF /* Frameworks */ = {
			isa = PBXGroup;
			children = (
				00264D19BBF8231C0B4D1147 /* libPods-11111.a */,
			);
			name = Frameworks;
			sourceTree = "<group>";
		};
/* End PBXGroup section */

/* Begin PBXNativeTarget section */
		01CD2A1A20E487E2004C8FDF /* 11111 */ = {
			isa = PBXNativeTarget;
			buildConfigurationList = 01CD2A3120E487E4004C8FDF /* Build configuration list for PBXNativeTarget "11111" */;
			buildPhases = (
				99243B4D3E10B68C0D503FC9 /* [CP] Check Pods Manifest.lock */,
				01CD2A1720E487E2004C8FDF /* Sources */,
				01CD2A1820E487E2004C8FDF /* Frameworks */,
				01CD2A1920E487E2004C8FDF /* Resources */,
				3B243A95E0140C400B62D1B0 /* [CP] Embed Pods Frameworks */,
				F1F6A2753AA159D736AE9E3D /* [CP] Copy Pods Resources */,
			);
			buildRules = (
			);
			dependencies = (
			);
			name = 11111;
			productName = 11111;
			productReference = 01CD2A1B20E487E2004C8FDF /* 11111.app */;
			productType = "com.apple.product-type.application";
		};
/* End PBXNativeTarget section */

/* Begin PBXProject section */
		01CD2A1320E487E2004C8FDF /* Project object */ = {
			isa = PBXProject;
			attributes = {
				LastUpgradeCheck = 0940;
				ORGANIZATIONNAME = nick;
				TargetAttributes = {
					01CD2A1A20E487E2004C8FDF = {
						CreatedOnToolsVersion = 9.4;
					};
				};
			};
			buildConfigurationList = 01CD2A1620E487E2004C8FDF /* Build configuration list for PBXProject "11111" */;
			compatibilityVersion = "Xcode 9.3";
			developmentRegion = en;
			hasScannedForEncodings = 0;
			knownRegions = (
				en,
				Base,
			);
			mainGroup = 01CD2A1220E487E2004C8FDF;
			productRefGroup = 01CD2A1C20E487E2004C8FDF /* Products */;
			projectDirPath = "";
			projectRoot = "";
			targets = (
				01CD2A1A20E487E2004C8FDF /* 11111 */,
			);
		};
/* End PBXProject section */

/* Begin PBXResourcesBuildPhase section */
		01CD2A1920E487E2004C8FDF /* Resources */ = {
			isa = PBXResourcesBuildPhase;
			buildActionMask = 2147483647;
			files = (
				01CD2A2B20E487E4004C8FDF /* LaunchScreen.storyboard in Resources */,
				01CD2A2820E487E4004C8FDF /* Assets.xcassets in Resources */,
				01CD2A2620E487E2004C8FDF /* Main.storyboard in Resources */,
			);
			runOnlyForDeploymentPostprocessing = 0;
		};
/* End PBXResourcesBuildPhase section */

/* Begin PBXShellScriptBuildPhase section */
		3B243A95E0140C400B62D1B0 /* [CP] Embed Pods Frameworks */ = {
			isa = PBXShellScriptBuildPhase;
			buildActionMask = 2147483647;
			files = (
			);
			inputPaths = (
			);
			name = "[CP] Embed Pods Frameworks";
			outputPaths = (
			);
			runOnlyForDeploymentPostprocessing = 0;
			shellPath = /bin/sh;
			shellScript = "\"${SRCROOT}/Pods/Target Support Files/Pods-11111/Pods-11111-frameworks.sh\"\n";
			showEnvVarsInLog = 0;
		};
		99243B4D3E10B68C0D503FC9 /* [CP] Check Pods Manifest.lock */ = {
			isa = PBXShellScriptBuildPhase;
			buildActionMask = 2147483647;
			files = (
			);
			inputPaths = (
				"${PODS_PODFILE_DIR_PATH}/Podfile.lock",
				"${PODS_ROOT}/Manifest.lock",
			);
			name = "[CP] Check Pods Manifest.lock";
			outputPaths = (
				"$(DERIVED_FILE_DIR)/Pods-11111-checkManifestLockResult.txt",
			);
			runOnlyForDeploymentPostprocessing = 0;
			shellPath = /bin/sh;
			shellScript = "diff \"${PODS_PODFILE_DIR_PATH}/Podfile.lock\" \"${PODS_ROOT}/Manifest.lock\" > /dev/null\nif [ $? != 0 ] ; then\n    # print error to STDERR\n    echo \"error: The sandbox is not in sync with the Podfile.lock. Run 'pod install' or update your CocoaPods installation.\" >&2\n    exit 1\nfi\n# This output is used by Xcode 'outputs' to avoid re-running this script phase.\necho \"SUCCESS\" > \"${SCRIPT_OUTPUT_FILE_0}\"\n";
			showEnvVarsInLog = 0;
		};
		F1F6A2753AA159D736AE9E3D /* [CP] Copy Pods Resources */ = {
			isa = PBXShellScriptBuildPhase;
			buildActionMask = 2147483647;
			files = (
			);
			inputPaths = (
			);
			name = "[CP] Copy Pods Resources";
			outputPaths = (
			);
			runOnlyForDeploymentPostprocessing = 0;
			shellPath = /bin/sh;
			shellScript = "\"${SRCROOT}/Pods/Target Support Files/Pods-11111/Pods-11111-resources.sh\"\n";
			showEnvVarsInLog = 0;
		};
/* End PBXShellScriptBuildPhase section */

/* Begin PBXSourcesBuildPhase section */
		01CD2A1720E487E2004C8FDF /* Sources */ = {
			isa = PBXSourcesBuildPhase;
			buildActionMask = 2147483647;
			files = (
				018BE8A020F7495600002064 /* Book.m in Sources */,
				01A3830120F4537100E79F52 /* UIViewController+Hack.m in Sources */,
				01CD2A2320E487E2004C8FDF /* ViewController.m in Sources */,
				01CD2A2E20E487E4004C8FDF /* main.m in Sources */,
				018BE89320F6E98000002064 /* Product.m in Sources */,
				01CD2A2020E487E2004C8FDF /* AppDelegate.m in Sources */,
				01A382FD20F4508100E79F52 /* OneViewController.m in Sources */,
				01A382FA20EDF1C500E79F52 /* Greeting.m in Sources */,
				01A382F620EDE84900E79F52 /* HttpTools.m in Sources */,
				01A3830420F45A4300E79F52 /* TwoViewController.m in Sources */,
			);
			runOnlyForDeploymentPostprocessing = 0;
		};
/* End PBXSourcesBuildPhase section */

/* Begin PBXVariantGroup section */
		01CD2A2420E487E2004C8FDF /* Main.storyboard */ = {
			isa = PBXVariantGroup;
			children = (
				01CD2A2520E487E2004C8FDF /* Base */,
			);
			name = Main.storyboard;
			sourceTree = "<group>";
		};
		01CD2A2920E487E4004C8FDF /* LaunchScreen.storyboard */ = {
			isa = PBXVariantGroup;
			children = (
				01CD2A2A20E487E4004C8FDF /* Base */,
			);
			name = LaunchScreen.storyboard;
			sourceTree = "<group>";
		};
/* End PBXVariantGroup section */

/* Begin XCBuildConfiguration section */
		01CD2A2F20E487E4004C8FDF /* Debug */ = {
			isa = XCBuildConfiguration;
			buildSettings = {
				ALWAYS_SEARCH_USER_PATHS = NO;
				CLANG_ANALYZER_NONNULL = YES;
				CLANG_ANALYZER_NUMBER_OBJECT_CONVERSION = YES_AGGRESSIVE;
				CLANG_CXX_LANGUAGE_STANDARD = "gnu++14";
				CLANG_CXX_LIBRARY = "libc++";
				CLANG_ENABLE_MODULES = YES;
				CLANG_ENABLE_OBJC_ARC = YES;
				CLANG_ENABLE_OBJC_WEAK = YES;
				CLANG_WARN_BLOCK_CAPTURE_AUTORELEASING = YES;
				CLANG_WARN_BOOL_CONVERSION = YES;
				CLANG_WARN_COMMA = YES;
				CLANG_WARN_CONSTANT_CONVERSION = YES;
				CLANG_WARN_DEPRECATED_OBJC_IMPLEMENTATIONS = YES;
				CLANG_WARN_DIRECT_OBJC_ISA_USAGE = YES_ERROR;
				CLANG_WARN_DOCUMENTATION_COMMENTS = YES;
				CLANG_WARN_EMPTY_BODY = YES;
				CLANG_WARN_ENUM_CONVERSION = YES;
				CLANG_WARN_INFINITE_RECURSION = YES;
				CLANG_WARN_INT_CONVERSION = YES;
				CLANG_WARN_NON_LITERAL_NULL_CONVERSION = YES;
				CLANG_WARN_OBJC_IMPLICIT_RETAIN_SELF = YES;
				CLANG_WARN_OBJC_LITERAL_CONVERSION = YES;
				CLANG_WARN_OBJC_ROOT_CLASS = YES_ERROR;
				CLANG_WARN_RANGE_LOOP_ANALYSIS = YES;
				CLANG_WARN_STRICT_PROTOTYPES = YES;
				CLANG_WARN_SUSPICIOUS_MOVE = YES;
				CLANG_WARN_UNGUARDED_AVAILABILITY = YES_AGGRESSIVE;
				CLANG_WARN_UNREACHABLE_CODE = YES;
				CLANG_WARN__DUPLICATE_METHOD_MATCH = YES;
				CODE_SIGN_IDENTITY = "iPhone Developer";
				COPY_PHASE_STRIP = NO;
				DEBUG_INFORMATION_FORMAT = dwarf;
				ENABLE_STRICT_OBJC_MSGSEND = YES;
				ENABLE_TESTABILITY = YES;
				GCC_C_LANGUAGE_STANDARD = gnu11;
				GCC_DYNAMIC_NO_PIC = NO;
				GCC_NO_COMMON_BLOCKS = YES;
				GCC_OPTIMIZATION_LEVEL = 0;
				GCC_PREPROCESSOR_DEFINITIONS = (
					"DEBUG=1",
					"$(inherited)",
				);
				GCC_WARN_64_TO_32_BIT_CONVERSION = YES;
				GCC_WARN_ABOUT_RETURN_TYPE = YES_ERROR;
				GCC_WARN_UNDECLARED_SELECTOR = YES;
				GCC_WARN_UNINITIALIZED_AUTOS = YES_AGGRESSIVE;
				GCC_WARN_UNUSED_FUNCTION = YES;
				GCC_WARN_UNUSED_VARIABLE = YES;
				IPHONEOS_DEPLOYMENT_TARGET = 10.0;
				MTL_ENABLE_DEBUG_INFO = YES;
				ONLY_ACTIVE_ARCH = YES;
				SDKROOT = iphoneos;
			};
			name = Debug;
		};
		01CD2A3020E487E4004C8FDF /* Release */ = {
			isa = XCBuildConfiguration;
			buildSettings = {
				ALWAYS_SEARCH_USER_PATHS = NO;
				CLANG_ANALYZER_NONNULL = YES;
				CLANG_ANALYZER_NUMBER_OBJECT_CONVERSION = YES_AGGRESSIVE;
				CLANG_CXX_LANGUAGE_STANDARD = "gnu++14";
				CLANG_CXX_LIBRARY = "libc++";
				CLANG_ENABLE_MODULES = YES;
				CLANG_ENABLE_OBJC_ARC = YES;
				CLANG_ENABLE_OBJC_WEAK = YES;
				CLANG_WARN_BLOCK_CAPTURE_AUTORELEASING = YES;
				CLANG_WARN_BOOL_CONVERSION = YES;
				CLANG_WARN_COMMA = YES;
				CLANG_WARN_CONSTANT_CONVERSION = YES;
				CLANG_WARN_DEPRECATED_OBJC_IMPLEMENTATIONS = YES;
				CLANG_WARN_DIRECT_OBJC_ISA_USAGE = YES_ERROR;
				CLANG_WARN_DOCUMENTATION_COMMENTS = YES;
				CLANG_WARN_EMPTY_BODY = YES;
				CLANG_WARN_ENUM_CONVERSION = YES;
				CLANG_WARN_INFINITE_RECURSION = YES;
				CLANG_WARN_INT_CONVERSION = YES;
				CLANG_WARN_NON_LITERAL_NULL_CONVERSION = YES;
				CLANG_WARN_OBJC_IMPLICIT_RETAIN_SELF = YES;
				CLANG_WARN_OBJC_LITERAL_CONVERSION = YES;
				CLANG_WARN_OBJC_ROOT_CLASS = YES_ERROR;
				CLANG_WARN_RANGE_LOOP_ANALYSIS = YES;
				CLANG_WARN_STRICT_PROTOTYPES = YES;
				CLANG_WARN_SUSPICIOUS_MOVE = YES;
				CLANG_WARN_UNGUARDED_AVAILABILITY = YES_AGGRESSIVE;
				CLANG_WARN_UNREACHABLE_CODE = YES;
				CLANG_WARN__DUPLICATE_METHOD_MATCH = YES;
				CODE_SIGN_IDENTITY = "iPhone Developer";
				COPY_PHASE_STRIP = NO;
				DEBUG_INFORMATION_FORMAT = "dwarf-with-dsym";
				ENABLE_NS_ASSERTIONS = NO;
				ENABLE_STRICT_OBJC_MSGSEND = YES;
				GCC_C_LANGUAGE_STANDARD = gnu11;
				GCC_NO_COMMON_BLOCKS = YES;
				GCC_WARN_64_TO_32_BIT_CONVERSION = YES;
				GCC_WARN_ABOUT_RETURN_TYPE = YES_ERROR;
				GCC_WARN_UNDECLARED_SELECTOR = YES;
				GCC_WARN_UNINITIALIZED_AUTOS = YES_AGGRESSIVE;
				GCC_WARN_UNUSED_FUNCTION = YES;
				GCC_WARN_UNUSED_VARIABLE = YES;
				IPHONEOS_DEPLOYMENT_TARGET = 10.0;
				MTL_ENABLE_DEBUG_INFO = NO;
				SDKROOT = iphoneos;
				VALIDATE_PRODUCT = YES;
			};
			name = Release;
		};
		01CD2A3220E487E4004C8FDF /* Debug */ = {
			isa = XCBuildConfiguration;
			baseConfigurationReference = AAEB3AE29718A1E60F20BA2C /* Pods-11111.debug.xcconfig */;
			buildSettings = {
				ASSETCATALOG_COMPILER_APPICON_NAME = AppIcon;
				CODE_SIGN_STYLE = Automatic;
				DEVELOPMENT_TEAM = U7J77R4NH6;
				INFOPLIST_FILE = 11111/Info.plist;
				LD_RUNPATH_SEARCH_PATHS = "$(inherited) @executable_path/Frameworks";
				PRODUCT_BUNDLE_IDENTIFIER = com.nick.1111;
				PRODUCT_NAME = "$(TARGET_NAME)";
				TARGETED_DEVICE_FAMILY = 1;
			};
			name = Debug;
		};
		01CD2A3320E487E4004C8FDF /* Release */ = {
			isa = XCBuildConfiguration;
			baseConfigurationReference = 34BA4B78CEA4E4CEAB810C31 /* Pods-11111.release.xcconfig */;
			buildSettings = {
				ASSETCATALOG_COMPILER_APPICON_NAME = AppIcon;
				CODE_SIGN_STYLE = Automatic;
				DEVELOPMENT_TEAM = U7J77R4NH6;
				INFOPLIST_FILE = 11111/Info.plist;
				LD_RUNPATH_SEARCH_PATHS = "$(inherited) @executable_path/Frameworks";
				PRODUCT_BUNDLE_IDENTIFIER = com.nick.1111;
				PRODUCT_NAME = "$(TARGET_NAME)";
				TARGETED_DEVICE_FAMILY = 1;
			};
			name = Release;
		};
/* End XCBuildConfiguration section */

/* Begin XCConfigurationList section */
		01CD2A1620E487E2004C8FDF /* Build configuration list for PBXProject "11111" */ = {
			isa = XCConfigurationList;
			buildConfigurations = (
				01CD2A2F20E487E4004C8FDF /* Debug */,
				01CD2A3020E487E4004C8FDF /* Release */,
			);
			defaultConfigurationIsVisible = 0;
			defaultConfigurationName = Release;
		};
		01CD2A3120E487E4004C8FDF /* Build configuration list for PBXNativeTarget "11111" */ = {
			isa = XCConfigurationList;
			buildConfigurations = (
				01CD2A3220E487E4004C8FDF /* Debug */,
				01CD2A3320E487E4004C8FDF /* Release */,
			);
			defaultConfigurationIsVisible = 0;
			defaultConfigurationName = Release;
		};
/* End XCConfigurationList section */
	};
	rootObject = 01CD2A1320E487E2004C8FDF /* Project object */;
}
